// !$*UTF8*$!
{
	archiveVersion = 1;
	classes = {
	};
	objectVersion = 46;
	objects = {

/* Begin PBXBuildFile section */
		4C08AF621721CDC900862911 /* ProximaNova-Black.otf in Resources */ = {isa = PBXBuildFile; fileRef = 4C08AF511721CDC900862911 /* ProximaNova-Black.otf */; };
		4C08AF631721CDC900862911 /* ProximaNova-Bold.otf in Resources */ = {isa = PBXBuildFile; fileRef = 4C08AF521721CDC900862911 /* ProximaNova-Bold.otf */; };
		4C08AF641721CDC900862911 /* ProximaNova-BoldIt.otf in Resources */ = {isa = PBXBuildFile; fileRef = 4C08AF531721CDC900862911 /* ProximaNova-BoldIt.otf */; };
		4C08AF651721CDC900862911 /* ProximaNova-Extrabold.otf in Resources */ = {isa = PBXBuildFile; fileRef = 4C08AF541721CDC900862911 /* ProximaNova-Extrabold.otf */; };
		4C08AF661721CDC900862911 /* ProximaNova-Light.otf in Resources */ = {isa = PBXBuildFile; fileRef = 4C08AF551721CDC900862911 /* ProximaNova-Light.otf */; };
		4C08AF671721CDC900862911 /* ProximaNova-LightItalic.otf in Resources */ = {isa = PBXBuildFile; fileRef = 4C08AF561721CDC900862911 /* ProximaNova-LightItalic.otf */; };
		4C08AF681721CDC900862911 /* ProximaNova-RegItalic.otf in Resources */ = {isa = PBXBuildFile; fileRef = 4C08AF571721CDC900862911 /* ProximaNova-RegItalic.otf */; };
		4C08AF691721CDC900862911 /* ProximaNova-Regular.otf in Resources */ = {isa = PBXBuildFile; fileRef = 4C08AF581721CDC900862911 /* ProximaNova-Regular.otf */; };
		4C08AF6A1721CDC900862911 /* ProximaNova-RegularItalic.otf in Resources */ = {isa = PBXBuildFile; fileRef = 4C08AF591721CDC900862911 /* ProximaNova-RegularItalic.otf */; };
		4C08AF6B1721CDC900862911 /* ProximaNova-Semibold.otf in Resources */ = {isa = PBXBuildFile; fileRef = 4C08AF5A1721CDC900862911 /* ProximaNova-Semibold.otf */; };
		4C08AF6C1721CDC900862911 /* ProximaNova-SemiboldItalic.otf in Resources */ = {isa = PBXBuildFile; fileRef = 4C08AF5B1721CDC900862911 /* ProximaNova-SemiboldItalic.otf */; };
		4C08AF6D1721CDC900862911 /* ProximaNovaCond-Light.otf in Resources */ = {isa = PBXBuildFile; fileRef = 4C08AF5C1721CDC900862911 /* ProximaNovaCond-Light.otf */; };
		4C08AF6E1721CDC900862911 /* ProximaNovaCond-LightIt.otf in Resources */ = {isa = PBXBuildFile; fileRef = 4C08AF5D1721CDC900862911 /* ProximaNovaCond-LightIt.otf */; };
		4C08AF6F1721CDC900862911 /* ProximaNovaCond-Regular.otf in Resources */ = {isa = PBXBuildFile; fileRef = 4C08AF5E1721CDC900862911 /* ProximaNovaCond-Regular.otf */; };
		4C08AF701721CDC900862911 /* ProximaNovaCond-RegularIt.otf in Resources */ = {isa = PBXBuildFile; fileRef = 4C08AF5F1721CDC900862911 /* ProximaNovaCond-RegularIt.otf */; };
		4C08AF711721CDC900862911 /* ProximaNovaCond-Semibold.otf in Resources */ = {isa = PBXBuildFile; fileRef = 4C08AF601721CDC900862911 /* ProximaNovaCond-Semibold.otf */; };
		4C08AF721721CDC900862911 /* ProximaNovaCond-SemiboldIt.otf in Resources */ = {isa = PBXBuildFile; fileRef = 4C08AF611721CDC900862911 /* ProximaNovaCond-SemiboldIt.otf */; };
		4C1BF796179AE5FC00AAAEDF /* GetStoriesForCollectionCommand.m in Sources */ = {isa = PBXBuildFile; fileRef = 4C1BF795179AE5FC00AAAEDF /* GetStoriesForCollectionCommand.m */; };
		4C1BF799179AFCE100AAAEDF /* SignUserInCommand.m in Sources */ = {isa = PBXBuildFile; fileRef = 4C1BF798179AFCE100AAAEDF /* SignUserInCommand.m */; };
		4C1BF79C179B049400AAAEDF /* RequestInviteCommand.m in Sources */ = {isa = PBXBuildFile; fileRef = 4C1BF79B179B049400AAAEDF /* RequestInviteCommand.m */; };
		4C1BF79F179B0C1100AAAEDF /* collectivlyUtilities.m in Sources */ = {isa = PBXBuildFile; fileRef = 4C1BF79E179B0C1100AAAEDF /* collectivlyUtilities.m */; };
		4C2F88FA1721EF15009006EF /* collectivlyStoriesViewController.m in Sources */ = {isa = PBXBuildFile; fileRef = 4C2F88F91721EF15009006EF /* collectivlyStoriesViewController.m */; };
		4C319C841753FDCF0037C84D /* collectivlySidebarViewController.m in Sources */ = {isa = PBXBuildFile; fileRef = 4C319C831753FDCF0037C84D /* collectivlySidebarViewController.m */; };
		4C3532251794F6F400C8DB98 /* AsyncImageView.m in Sources */ = {isa = PBXBuildFile; fileRef = 4C3532241794F6F400C8DB98 /* AsyncImageView.m */; };
		4C3532271794FB9700C8DB98 /* white_square.jpg in Resources */ = {isa = PBXBuildFile; fileRef = 4C3532261794FB9700C8DB98 /* white_square.jpg */; };
		4C78C96B177F9748007166BF /* collectivlyWebViewController.m in Sources */ = {isa = PBXBuildFile; fileRef = 4C78C96A177F9748007166BF /* collectivlyWebViewController.m */; };
		4C8D7A7517925C7600B8D8A6 /* back_logo.png in Resources */ = {isa = PBXBuildFile; fileRef = 4C8D7A3B17925C7600B8D8A6 /* back_logo.png */; };
		4C8D7A7617925C7600B8D8A6 /* cloud.png in Resources */ = {isa = PBXBuildFile; fileRef = 4C8D7A3C17925C7600B8D8A6 /* cloud.png */; };
		4C8D7A7717925C7600B8D8A6 /* collectivly_logo.png in Resources */ = {isa = PBXBuildFile; fileRef = 4C8D7A3D17925C7600B8D8A6 /* collectivly_logo.png */; };
		4C8D7A7817925C7600B8D8A6 /* cream_pixels.png in Resources */ = {isa = PBXBuildFile; fileRef = 4C8D7A3E17925C7600B8D8A6 /* cream_pixels.png */; };
		4C8D7A7917925C7600B8D8A6 /* cream_pixels_@2X.png in Resources */ = {isa = PBXBuildFile; fileRef = 4C8D7A3F17925C7600B8D8A6 /* cream_pixels_@2X.png */; };
		4C8D7A7A17925C7600B8D8A6 /* Default-568h@2x.png in Resources */ = {isa = PBXBuildFile; fileRef = 4C8D7A4017925C7600B8D8A6 /* Default-568h@2x.png */; };
		4C8D7A7B17925C7600B8D8A6 /* Default.png in Resources */ = {isa = PBXBuildFile; fileRef = 4C8D7A4117925C7600B8D8A6 /* Default.png */; };
		4C8D7A7C17925C7600B8D8A6 /* Default@2x.png in Resources */ = {isa = PBXBuildFile; fileRef = 4C8D7A4217925C7600B8D8A6 /* Default@2x.png */; };
		4C8D7A7D17925C7600B8D8A6 /* 1pxblacklinebelowimage.png in Resources */ = {isa = PBXBuildFile; fileRef = 4C8D7A4417925C7600B8D8A6 /* 1pxblacklinebelowimage.png */; };
		4C8D7A7E17925C7600B8D8A6 /* backbutton.png in Resources */ = {isa = PBXBuildFile; fileRef = 4C8D7A4517925C7600B8D8A6 /* backbutton.png */; };
		4C8D7A7F17925C7600B8D8A6 /* centerrecollectbutton.png in Resources */ = {isa = PBXBuildFile; fileRef = 4C8D7A4617925C7600B8D8A6 /* centerrecollectbutton.png */; };
		4C8D7A8017925C7600B8D8A6 /* centerrecollectbuttononclick.png in Resources */ = {isa = PBXBuildFile; fileRef = 4C8D7A4717925C7600B8D8A6 /* centerrecollectbuttononclick.png */; };
		4C8D7A8117925C7600B8D8A6 /* clock_darker.png in Resources */ = {isa = PBXBuildFile; fileRef = 4C8D7A4817925C7600B8D8A6 /* clock_darker.png */; };
		4C8D7A8217925C7600B8D8A6 /* collectorcommentbackground-varibaleheight.png in Resources */ = {isa = PBXBuildFile; fileRef = 4C8D7A4917925C7600B8D8A6 /* collectorcommentbackground-varibaleheight.png */; };
		4C8D7A8317925C7600B8D8A6 /* commentbackground-variableheight.png in Resources */ = {isa = PBXBuildFile; fileRef = 4C8D7A4A17925C7600B8D8A6 /* commentbackground-variableheight.png */; };
		4C8D7A8417925C7600B8D8A6 /* downvote.png in Resources */ = {isa = PBXBuildFile; fileRef = 4C8D7A4B17925C7600B8D8A6 /* downvote.png */; };
		4C8D7A8517925C7600B8D8A6 /* downvoteonclick.png in Resources */ = {isa = PBXBuildFile; fileRef = 4C8D7A4C17925C7600B8D8A6 /* downvoteonclick.png */; };
		4C8D7A8617925C7600B8D8A6 /* friends_darker.png in Resources */ = {isa = PBXBuildFile; fileRef = 4C8D7A4D17925C7600B8D8A6 /* friends_darker.png */; };
		4C8D7A8717925C7600B8D8A6 /* hex_darker.png in Resources */ = {isa = PBXBuildFile; fileRef = 4C8D7A4E17925C7600B8D8A6 /* hex_darker.png */; };
		4C8D7A8817925C7600B8D8A6 /* logo+2px.png in Resources */ = {isa = PBXBuildFile; fileRef = 4C8D7A4F17925C7600B8D8A6 /* logo+2px.png */; };
		4C8D7A8917925C7600B8D8A6 /* menubutton.png in Resources */ = {isa = PBXBuildFile; fileRef = 4C8D7A5017925C7600B8D8A6 /* menubutton.png */; };
		4C8D7A8A17925C7600B8D8A6 /* menubutton_1px.png in Resources */ = {isa = PBXBuildFile; fileRef = 4C8D7A5117925C7600B8D8A6 /* menubutton_1px.png */; };
		4C8D7A8B17925C7600B8D8A6 /* sampleimage640x573.png in Resources */ = {isa = PBXBuildFile; fileRef = 4C8D7A5217925C7600B8D8A6 /* sampleimage640x573.png */; };
		4C8D7A8C17925C7600B8D8A6 /* upvote.png in Resources */ = {isa = PBXBuildFile; fileRef = 4C8D7A5317925C7600B8D8A6 /* upvote.png */; };
		4C8D7A8D17925C7600B8D8A6 /* upvoteonclick.png in Resources */ = {isa = PBXBuildFile; fileRef = 4C8D7A5417925C7600B8D8A6 /* upvoteonclick.png */; };
		4C8D7A8E17925C7600B8D8A6 /* whitetransparentbackgroundbehindbuttons.png in Resources */ = {isa = PBXBuildFile; fileRef = 4C8D7A5517925C7600B8D8A6 /* whitetransparentbackgroundbehindbuttons.png */; };
		4C8D7A8F17925C7600B8D8A6 /* furley_bg.png in Resources */ = {isa = PBXBuildFile; fileRef = 4C8D7A5617925C7600B8D8A6 /* furley_bg.png */; };
		4C8D7A9017925C7600B8D8A6 /* furley_bg_@2X.png in Resources */ = {isa = PBXBuildFile; fileRef = 4C8D7A5717925C7600B8D8A6 /* furley_bg_@2X.png */; };
		4C8D7A9117925C7600B8D8A6 /* grey_wash_wall.png in Resources */ = {isa = PBXBuildFile; fileRef = 4C8D7A5817925C7600B8D8A6 /* grey_wash_wall.png */; };
		4C8D7A9217925C7600B8D8A6 /* grey_wash_wall_@2X.png in Resources */ = {isa = PBXBuildFile; fileRef = 4C8D7A5917925C7600B8D8A6 /* grey_wash_wall_@2X.png */; };
		4C8D7A9317925C7600B8D8A6 /* intro_logo.png in Resources */ = {isa = PBXBuildFile; fileRef = 4C8D7A5A17925C7600B8D8A6 /* intro_logo.png */; };
		4C8D7A9417925C7600B8D8A6 /* request_invite_webSS.png in Resources */ = {isa = PBXBuildFile; fileRef = 4C8D7A5B17925C7600B8D8A6 /* request_invite_webSS.png */; };
		4C8D7A9517925C7600B8D8A6 /* bottom_logo.png in Resources */ = {isa = PBXBuildFile; fileRef = 4C8D7A5D17925C7600B8D8A6 /* bottom_logo.png */; };
		4C8D7A9617925C7600B8D8A6 /* check_selected.png in Resources */ = {isa = PBXBuildFile; fileRef = 4C8D7A5E17925C7600B8D8A6 /* check_selected.png */; };
		4C8D7A9717925C7600B8D8A6 /* greyback-no-shadow.png in Resources */ = {isa = PBXBuildFile; fileRef = 4C8D7A5F17925C7600B8D8A6 /* greyback-no-shadow.png */; };
		4C8D7A9817925C7600B8D8A6 /* notificationbackground.png in Resources */ = {isa = PBXBuildFile; fileRef = 4C8D7A6017925C7600B8D8A6 /* notificationbackground.png */; };
		4C8D7A9917925C7600B8D8A6 /* profile_cutout.psd in Resources */ = {isa = PBXBuildFile; fileRef = 4C8D7A6117925C7600B8D8A6 /* profile_cutout.psd */; };
		4C8D7A9A17925C7600B8D8A6 /* profileback.png in Resources */ = {isa = PBXBuildFile; fileRef = 4C8D7A6217925C7600B8D8A6 /* profileback.png */; };
		4C8D7A9B17925C7600B8D8A6 /* profileimageexample.png in Resources */ = {isa = PBXBuildFile; fileRef = 4C8D7A6317925C7600B8D8A6 /* profileimageexample.png */; };
		4C8D7A9C17925C7600B8D8A6 /* submenu_lightgrey.png in Resources */ = {isa = PBXBuildFile; fileRef = 4C8D7A6417925C7600B8D8A6 /* submenu_lightgrey.png */; };
		4C8D7A9D17925C7600B8D8A6 /* subsubmenu_darkergrey.png in Resources */ = {isa = PBXBuildFile; fileRef = 4C8D7A6517925C7600B8D8A6 /* subsubmenu_darkergrey.png */; };
		4C8D7A9E17925C7600B8D8A6 /* sign_in_webSS.png in Resources */ = {isa = PBXBuildFile; fileRef = 4C8D7A6617925C7600B8D8A6 /* sign_in_webSS.png */; };
		4C8D7A9F17925C7600B8D8A6 /* clock.png in Resources */ = {isa = PBXBuildFile; fileRef = 4C8D7A6817925C7600B8D8A6 /* clock.png */; };
		4C8D7AA017925C7600B8D8A6 /* friendssharecount.png in Resources */ = {isa = PBXBuildFile; fileRef = 4C8D7A6917925C7600B8D8A6 /* friendssharecount.png */; };
		4C8D7AA117925C7600B8D8A6 /* hexfortotalsharecount.png in Resources */ = {isa = PBXBuildFile; fileRef = 4C8D7A6A17925C7600B8D8A6 /* hexfortotalsharecount.png */; };
		4C8D7AA217925C7600B8D8A6 /* logo.png in Resources */ = {isa = PBXBuildFile; fileRef = 4C8D7A6B17925C7600B8D8A6 /* logo.png */; };
		4C8D7AA317925C7600B8D8A6 /* options menu original.png in Resources */ = {isa = PBXBuildFile; fileRef = 4C8D7A6C17925C7600B8D8A6 /* options menu original.png */; };
		4C8D7AA417925C7600B8D8A6 /* options menu.png in Resources */ = {isa = PBXBuildFile; fileRef = 4C8D7A6D17925C7600B8D8A6 /* options menu.png */; };
		4C8D7AA517925C7600B8D8A6 /* partial hex top nav (full).png in Resources */ = {isa = PBXBuildFile; fileRef = 4C8D7A6E17925C7600B8D8A6 /* partial hex top nav (full).png */; };
		4C8D7AA617925C7600B8D8A6 /* partial hex top nav.png in Resources */ = {isa = PBXBuildFile; fileRef = 4C8D7A6F17925C7600B8D8A6 /* partial hex top nav.png */; };
		4C8D7AA717925C7600B8D8A6 /* red_triangle.png in Resources */ = {isa = PBXBuildFile; fileRef = 4C8D7A7017925C7600B8D8A6 /* red_triangle.png */; };
		4C8D7AA817925C7600B8D8A6 /* search.png in Resources */ = {isa = PBXBuildFile; fileRef = 4C8D7A7117925C7600B8D8A6 /* search.png */; };
		4C8D7AA917925C7600B8D8A6 /* storyback.png in Resources */ = {isa = PBXBuildFile; fileRef = 4C8D7A7217925C7600B8D8A6 /* storyback.png */; };
		4C8D7AAA17925C7600B8D8A6 /* topbar.png in Resources */ = {isa = PBXBuildFile; fileRef = 4C8D7A7317925C7600B8D8A6 /* topbar.png */; };
		4C8D7AAB17925C7600B8D8A6 /* topbar_320x44.png in Resources */ = {isa = PBXBuildFile; fileRef = 4C8D7A7417925C7600B8D8A6 /* topbar_320x44.png */; };
		4C8D7AB517925CC500B8D8A6 /* collectivlyCollection.m in Sources */ = {isa = PBXBuildFile; fileRef = 4C8D7AAE17925CC500B8D8A6 /* collectivlyCollection.m */; };
		4C8D7AB717925CC500B8D8A6 /* collectivlySingleton.m in Sources */ = {isa = PBXBuildFile; fileRef = 4C8D7AB217925CC500B8D8A6 /* collectivlySingleton.m */; };
		4C8D7AB817925CC500B8D8A6 /* collectivlyStory.m in Sources */ = {isa = PBXBuildFile; fileRef = 4C8D7AB417925CC500B8D8A6 /* collectivlyStory.m */; };
		4C8D7AC217925D4900B8D8A6 /* UINavigationItem+JTRevealSidebarV2.m in Sources */ = {isa = PBXBuildFile; fileRef = 4C8D7ABD17925D4900B8D8A6 /* UINavigationItem+JTRevealSidebarV2.m */; };
		4C8D7AC317925D4900B8D8A6 /* UIViewController+JTRevealSidebarV2.m in Sources */ = {isa = PBXBuildFile; fileRef = 4C8D7ABF17925D4900B8D8A6 /* UIViewController+JTRevealSidebarV2.m */; };
		4C8D7AC417925D4900B8D8A6 /* MBProgressHUD.m in Sources */ = {isa = PBXBuildFile; fileRef = 4C8D7AC117925D4900B8D8A6 /* MBProgressHUD.m */; };
		4C8D7AC817932CBD00B8D8A6 /* GetCollectionsCommand.m in Sources */ = {isa = PBXBuildFile; fileRef = 4C8D7AC717932CBD00B8D8A6 /* GetCollectionsCommand.m */; };
		4CA998E11746A07000C252B3 /* collectivlyExpandedContentViewController.m in Sources */ = {isa = PBXBuildFile; fileRef = 4CA998DF1746A07000C252B3 /* collectivlyExpandedContentViewController.m */; };
		4CBF7A5F179C4E000059FC7E /* VotingCommand.m in Sources */ = {isa = PBXBuildFile; fileRef = 4CBF7A5E179C4E000059FC7E /* VotingCommand.m */; };
		4CBF7A62179C59E30059FC7E /* RecollectCommand.m in Sources */ = {isa = PBXBuildFile; fileRef = 4CBF7A61179C59E30059FC7E /* RecollectCommand.m */; };
		4CF8D9B31710BEAD00E4FD21 /* UIKit.framework in Frameworks */ = {isa = PBXBuildFile; fileRef = 4CF8D9B21710BEAD00E4FD21 /* UIKit.framework */; };
		4CF8D9B51710BEAD00E4FD21 /* Foundation.framework in Frameworks */ = {isa = PBXBuildFile; fileRef = 4CF8D9B41710BEAD00E4FD21 /* Foundation.framework */; };
		4CF8D9B71710BEAD00E4FD21 /* CoreGraphics.framework in Frameworks */ = {isa = PBXBuildFile; fileRef = 4CF8D9B61710BEAD00E4FD21 /* CoreGraphics.framework */; };
		4CF8D9BD1710BEAD00E4FD21 /* InfoPlist.strings in Resources */ = {isa = PBXBuildFile; fileRef = 4CF8D9BB1710BEAD00E4FD21 /* InfoPlist.strings */; };
		4CF8D9BF1710BEAD00E4FD21 /* main.m in Sources */ = {isa = PBXBuildFile; fileRef = 4CF8D9BE1710BEAD00E4FD21 /* main.m */; };
		4CF8D9C31710BEAD00E4FD21 /* collectivlyAppDelegate.m in Sources */ = {isa = PBXBuildFile; fileRef = 4CF8D9C21710BEAD00E4FD21 /* collectivlyAppDelegate.m */; };
		4CF8D9CC1710BEAD00E4FD21 /* MainStoryboard.storyboard in Resources */ = {isa = PBXBuildFile; fileRef = 4CF8D9CA1710BEAD00E4FD21 /* MainStoryboard.storyboard */; };
		4CF8D9CF1710BEAD00E4FD21 /* collectivlyViewController.m in Sources */ = {isa = PBXBuildFile; fileRef = 4CF8D9CE1710BEAD00E4FD21 /* collectivlyViewController.m */; };
		4CF8D9EC1710C05900E4FD21 /* collectivlyCollectionsViewController.m in Sources */ = {isa = PBXBuildFile; fileRef = 4CF8D9EB1710C05900E4FD21 /* collectivlyCollectionsViewController.m */; };
/* End PBXBuildFile section */

/* Begin PBXFileReference section */
		4C08AF511721CDC900862911 /* ProximaNova-Black.otf */ = {isa = PBXFileReference; lastKnownFileType = file; path = "ProximaNova-Black.otf"; sourceTree = "<group>"; };
		4C08AF521721CDC900862911 /* ProximaNova-Bold.otf */ = {isa = PBXFileReference; lastKnownFileType = file; path = "ProximaNova-Bold.otf"; sourceTree = "<group>"; };
		4C08AF531721CDC900862911 /* ProximaNova-BoldIt.otf */ = {isa = PBXFileReference; lastKnownFileType = file; path = "ProximaNova-BoldIt.otf"; sourceTree = "<group>"; };
		4C08AF541721CDC900862911 /* ProximaNova-Extrabold.otf */ = {isa = PBXFileReference; lastKnownFileType = file; path = "ProximaNova-Extrabold.otf"; sourceTree = "<group>"; };
		4C08AF551721CDC900862911 /* ProximaNova-Light.otf */ = {isa = PBXFileReference; lastKnownFileType = file; path = "ProximaNova-Light.otf"; sourceTree = "<group>"; };
		4C08AF561721CDC900862911 /* ProximaNova-LightItalic.otf */ = {isa = PBXFileReference; lastKnownFileType = file; path = "ProximaNova-LightItalic.otf"; sourceTree = "<group>"; };
		4C08AF571721CDC900862911 /* ProximaNova-RegItalic.otf */ = {isa = PBXFileReference; lastKnownFileType = file; path = "ProximaNova-RegItalic.otf"; sourceTree = "<group>"; };
		4C08AF581721CDC900862911 /* ProximaNova-Regular.otf */ = {isa = PBXFileReference; lastKnownFileType = file; path = "ProximaNova-Regular.otf"; sourceTree = "<group>"; };
		4C08AF591721CDC900862911 /* ProximaNova-RegularItalic.otf */ = {isa = PBXFileReference; lastKnownFileType = file; path = "ProximaNova-RegularItalic.otf"; sourceTree = "<group>"; };
		4C08AF5A1721CDC900862911 /* ProximaNova-Semibold.otf */ = {isa = PBXFileReference; lastKnownFileType = file; path = "ProximaNova-Semibold.otf"; sourceTree = "<group>"; };
		4C08AF5B1721CDC900862911 /* ProximaNova-SemiboldItalic.otf */ = {isa = PBXFileReference; lastKnownFileType = file; path = "ProximaNova-SemiboldItalic.otf"; sourceTree = "<group>"; };
		4C08AF5C1721CDC900862911 /* ProximaNovaCond-Light.otf */ = {isa = PBXFileReference; lastKnownFileType = file; path = "ProximaNovaCond-Light.otf"; sourceTree = "<group>"; };
		4C08AF5D1721CDC900862911 /* ProximaNovaCond-LightIt.otf */ = {isa = PBXFileReference; lastKnownFileType = file; path = "ProximaNovaCond-LightIt.otf"; sourceTree = "<group>"; };
		4C08AF5E1721CDC900862911 /* ProximaNovaCond-Regular.otf */ = {isa = PBXFileReference; lastKnownFileType = file; path = "ProximaNovaCond-Regular.otf"; sourceTree = "<group>"; };
		4C08AF5F1721CDC900862911 /* ProximaNovaCond-RegularIt.otf */ = {isa = PBXFileReference; lastKnownFileType = file; path = "ProximaNovaCond-RegularIt.otf"; sourceTree = "<group>"; };
		4C08AF601721CDC900862911 /* ProximaNovaCond-Semibold.otf */ = {isa = PBXFileReference; lastKnownFileType = file; path = "ProximaNovaCond-Semibold.otf"; sourceTree = "<group>"; };
		4C08AF611721CDC900862911 /* ProximaNovaCond-SemiboldIt.otf */ = {isa = PBXFileReference; lastKnownFileType = file; path = "ProximaNovaCond-SemiboldIt.otf"; sourceTree = "<group>"; };
		4C1BF7931797A5A100AAAEDF /* DataConstants.h */ = {isa = PBXFileReference; lastKnownFileType = sourcecode.c.h; path = DataConstants.h; sourceTree = "<group>"; };
		4C1BF794179AE5FC00AAAEDF /* GetStoriesForCollectionCommand.h */ = {isa = PBXFileReference; fileEncoding = 4; lastKnownFileType = sourcecode.c.h; path = GetStoriesForCollectionCommand.h; sourceTree = "<group>"; };
		4C1BF795179AE5FC00AAAEDF /* GetStoriesForCollectionCommand.m */ = {isa = PBXFileReference; fileEncoding = 4; lastKnownFileType = sourcecode.c.objc; path = GetStoriesForCollectionCommand.m; sourceTree = "<group>"; };
		4C1BF797179AFCE100AAAEDF /* SignUserInCommand.h */ = {isa = PBXFileReference; fileEncoding = 4; lastKnownFileType = sourcecode.c.h; path = SignUserInCommand.h; sourceTree = "<group>"; };
		4C1BF798179AFCE100AAAEDF /* SignUserInCommand.m */ = {isa = PBXFileReference; fileEncoding = 4; lastKnownFileType = sourcecode.c.objc; path = SignUserInCommand.m; sourceTree = "<group>"; };
		4C1BF79A179B049400AAAEDF /* RequestInviteCommand.h */ = {isa = PBXFileReference; fileEncoding = 4; lastKnownFileType = sourcecode.c.h; path = RequestInviteCommand.h; sourceTree = "<group>"; };
		4C1BF79B179B049400AAAEDF /* RequestInviteCommand.m */ = {isa = PBXFileReference; fileEncoding = 4; lastKnownFileType = sourcecode.c.objc; path = RequestInviteCommand.m; sourceTree = "<group>"; };
		4C1BF79D179B0C1100AAAEDF /* collectivlyUtilities.h */ = {isa = PBXFileReference; fileEncoding = 4; lastKnownFileType = sourcecode.c.h; path = collectivlyUtilities.h; sourceTree = "<group>"; };
		4C1BF79E179B0C1100AAAEDF /* collectivlyUtilities.m */ = {isa = PBXFileReference; fileEncoding = 4; lastKnownFileType = sourcecode.c.objc; path = collectivlyUtilities.m; sourceTree = "<group>"; };
		4C2F88F81721EF15009006EF /* collectivlyStoriesViewController.h */ = {isa = PBXFileReference; fileEncoding = 4; lastKnownFileType = sourcecode.c.h; path = collectivlyStoriesViewController.h; sourceTree = "<group>"; };
		4C2F88F91721EF15009006EF /* collectivlyStoriesViewController.m */ = {isa = PBXFileReference; fileEncoding = 4; lastKnownFileType = sourcecode.c.objc; path = collectivlyStoriesViewController.m; sourceTree = "<group>"; };
		4C319C821753FDCF0037C84D /* collectivlySidebarViewController.h */ = {isa = PBXFileReference; fileEncoding = 4; lastKnownFileType = sourcecode.c.h; path = collectivlySidebarViewController.h; sourceTree = "<group>"; };
		4C319C831753FDCF0037C84D /* collectivlySidebarViewController.m */ = {isa = PBXFileReference; fileEncoding = 4; lastKnownFileType = sourcecode.c.objc; path = collectivlySidebarViewController.m; sourceTree = "<group>"; };
		4C3532231794F6F400C8DB98 /* AsyncImageView.h */ = {isa = PBXFileReference; fileEncoding = 4; lastKnownFileType = sourcecode.c.h; path = AsyncImageView.h; sourceTree = "<group>"; };
		4C3532241794F6F400C8DB98 /* AsyncImageView.m */ = {isa = PBXFileReference; fileEncoding = 4; lastKnownFileType = sourcecode.c.objc; path = AsyncImageView.m; sourceTree = "<group>"; };
		4C3532261794FB9700C8DB98 /* white_square.jpg */ = {isa = PBXFileReference; lastKnownFileType = image.jpeg; path = white_square.jpg; sourceTree = "<group>"; };
		4C78C969177F9748007166BF /* collectivlyWebViewController.h */ = {isa = PBXFileReference; fileEncoding = 4; lastKnownFileType = sourcecode.c.h; path = collectivlyWebViewController.h; sourceTree = "<group>"; };
		4C78C96A177F9748007166BF /* collectivlyWebViewController.m */ = {isa = PBXFileReference; fileEncoding = 4; lastKnownFileType = sourcecode.c.objc; path = collectivlyWebViewController.m; sourceTree = "<group>"; };
		4C8D7A3B17925C7600B8D8A6 /* back_logo.png */ = {isa = PBXFileReference; lastKnownFileType = image.png; path = back_logo.png; sourceTree = "<group>"; };
		4C8D7A3C17925C7600B8D8A6 /* cloud.png */ = {isa = PBXFileReference; lastKnownFileType = image.png; path = cloud.png; sourceTree = "<group>"; };
		4C8D7A3D17925C7600B8D8A6 /* collectivly_logo.png */ = {isa = PBXFileReference; lastKnownFileType = image.png; path = collectivly_logo.png; sourceTree = "<group>"; };
		4C8D7A3E17925C7600B8D8A6 /* cream_pixels.png */ = {isa = PBXFileReference; lastKnownFileType = image.png; path = cream_pixels.png; sourceTree = "<group>"; };
		4C8D7A3F17925C7600B8D8A6 /* cream_pixels_@2X.png */ = {isa = PBXFileReference; lastKnownFileType = image.png; path = "cream_pixels_@2X.png"; sourceTree = "<group>"; };
		4C8D7A4017925C7600B8D8A6 /* Default-568h@2x.png */ = {isa = PBXFileReference; lastKnownFileType = image.png; path = "Default-568h@2x.png"; sourceTree = "<group>"; };
		4C8D7A4117925C7600B8D8A6 /* Default.png */ = {isa = PBXFileReference; lastKnownFileType = image.png; path = Default.png; sourceTree = "<group>"; };
		4C8D7A4217925C7600B8D8A6 /* Default@2x.png */ = {isa = PBXFileReference; lastKnownFileType = image.png; path = "Default@2x.png"; sourceTree = "<group>"; };
		4C8D7A4417925C7600B8D8A6 /* 1pxblacklinebelowimage.png */ = {isa = PBXFileReference; lastKnownFileType = image.png; path = 1pxblacklinebelowimage.png; sourceTree = "<group>"; };
		4C8D7A4517925C7600B8D8A6 /* backbutton.png */ = {isa = PBXFileReference; lastKnownFileType = image.png; path = backbutton.png; sourceTree = "<group>"; };
		4C8D7A4617925C7600B8D8A6 /* centerrecollectbutton.png */ = {isa = PBXFileReference; lastKnownFileType = image.png; path = centerrecollectbutton.png; sourceTree = "<group>"; };
		4C8D7A4717925C7600B8D8A6 /* centerrecollectbuttononclick.png */ = {isa = PBXFileReference; lastKnownFileType = image.png; path = centerrecollectbuttononclick.png; sourceTree = "<group>"; };
		4C8D7A4817925C7600B8D8A6 /* clock_darker.png */ = {isa = PBXFileReference; lastKnownFileType = image.png; path = clock_darker.png; sourceTree = "<group>"; };
		4C8D7A4917925C7600B8D8A6 /* collectorcommentbackground-varibaleheight.png */ = {isa = PBXFileReference; lastKnownFileType = image.png; path = "collectorcommentbackground-varibaleheight.png"; sourceTree = "<group>"; };
		4C8D7A4A17925C7600B8D8A6 /* commentbackground-variableheight.png */ = {isa = PBXFileReference; lastKnownFileType = image.png; path = "commentbackground-variableheight.png"; sourceTree = "<group>"; };
		4C8D7A4B17925C7600B8D8A6 /* downvote.png */ = {isa = PBXFileReference; lastKnownFileType = image.png; path = downvote.png; sourceTree = "<group>"; };
		4C8D7A4C17925C7600B8D8A6 /* downvoteonclick.png */ = {isa = PBXFileReference; lastKnownFileType = image.png; path = downvoteonclick.png; sourceTree = "<group>"; };
		4C8D7A4D17925C7600B8D8A6 /* friends_darker.png */ = {isa = PBXFileReference; lastKnownFileType = image.png; path = friends_darker.png; sourceTree = "<group>"; };
		4C8D7A4E17925C7600B8D8A6 /* hex_darker.png */ = {isa = PBXFileReference; lastKnownFileType = image.png; path = hex_darker.png; sourceTree = "<group>"; };
		4C8D7A4F17925C7600B8D8A6 /* logo+2px.png */ = {isa = PBXFileReference; lastKnownFileType = image.png; path = "logo+2px.png"; sourceTree = "<group>"; };
		4C8D7A5017925C7600B8D8A6 /* menubutton.png */ = {isa = PBXFileReference; lastKnownFileType = image.png; path = menubutton.png; sourceTree = "<group>"; };
		4C8D7A5117925C7600B8D8A6 /* menubutton_1px.png */ = {isa = PBXFileReference; lastKnownFileType = image.png; path = menubutton_1px.png; sourceTree = "<group>"; };
		4C8D7A5217925C7600B8D8A6 /* sampleimage640x573.png */ = {isa = PBXFileReference; lastKnownFileType = image.png; path = sampleimage640x573.png; sourceTree = "<group>"; };
		4C8D7A5317925C7600B8D8A6 /* upvote.png */ = {isa = PBXFileReference; lastKnownFileType = image.png; path = upvote.png; sourceTree = "<group>"; };
		4C8D7A5417925C7600B8D8A6 /* upvoteonclick.png */ = {isa = PBXFileReference; lastKnownFileType = image.png; path = upvoteonclick.png; sourceTree = "<group>"; };
		4C8D7A5517925C7600B8D8A6 /* whitetransparentbackgroundbehindbuttons.png */ = {isa = PBXFileReference; lastKnownFileType = image.png; path = whitetransparentbackgroundbehindbuttons.png; sourceTree = "<group>"; };
		4C8D7A5617925C7600B8D8A6 /* furley_bg.png */ = {isa = PBXFileReference; lastKnownFileType = image.png; path = furley_bg.png; sourceTree = "<group>"; };
		4C8D7A5717925C7600B8D8A6 /* furley_bg_@2X.png */ = {isa = PBXFileReference; lastKnownFileType = image.png; path = "furley_bg_@2X.png"; sourceTree = "<group>"; };
		4C8D7A5817925C7600B8D8A6 /* grey_wash_wall.png */ = {isa = PBXFileReference; lastKnownFileType = image.png; path = grey_wash_wall.png; sourceTree = "<group>"; };
		4C8D7A5917925C7600B8D8A6 /* grey_wash_wall_@2X.png */ = {isa = PBXFileReference; lastKnownFileType = image.png; path = "grey_wash_wall_@2X.png"; sourceTree = "<group>"; };
		4C8D7A5A17925C7600B8D8A6 /* intro_logo.png */ = {isa = PBXFileReference; lastKnownFileType = image.png; path = intro_logo.png; sourceTree = "<group>"; };
		4C8D7A5B17925C7600B8D8A6 /* request_invite_webSS.png */ = {isa = PBXFileReference; lastKnownFileType = image.png; path = request_invite_webSS.png; sourceTree = "<group>"; };
		4C8D7A5D17925C7600B8D8A6 /* bottom_logo.png */ = {isa = PBXFileReference; lastKnownFileType = image.png; path = bottom_logo.png; sourceTree = "<group>"; };
		4C8D7A5E17925C7600B8D8A6 /* check_selected.png */ = {isa = PBXFileReference; lastKnownFileType = image.png; path = check_selected.png; sourceTree = "<group>"; };
		4C8D7A5F17925C7600B8D8A6 /* greyback-no-shadow.png */ = {isa = PBXFileReference; lastKnownFileType = image.png; path = "greyback-no-shadow.png"; sourceTree = "<group>"; };
		4C8D7A6017925C7600B8D8A6 /* notificationbackground.png */ = {isa = PBXFileReference; lastKnownFileType = image.png; path = notificationbackground.png; sourceTree = "<group>"; };
		4C8D7A6117925C7600B8D8A6 /* profile_cutout.psd */ = {isa = PBXFileReference; lastKnownFileType = file; path = profile_cutout.psd; sourceTree = "<group>"; };
		4C8D7A6217925C7600B8D8A6 /* profileback.png */ = {isa = PBXFileReference; lastKnownFileType = image.png; path = profileback.png; sourceTree = "<group>"; };
		4C8D7A6317925C7600B8D8A6 /* profileimageexample.png */ = {isa = PBXFileReference; lastKnownFileType = image.png; path = profileimageexample.png; sourceTree = "<group>"; };
		4C8D7A6417925C7600B8D8A6 /* submenu_lightgrey.png */ = {isa = PBXFileReference; lastKnownFileType = image.png; path = submenu_lightgrey.png; sourceTree = "<group>"; };
		4C8D7A6517925C7600B8D8A6 /* subsubmenu_darkergrey.png */ = {isa = PBXFileReference; lastKnownFileType = image.png; path = subsubmenu_darkergrey.png; sourceTree = "<group>"; };
		4C8D7A6617925C7600B8D8A6 /* sign_in_webSS.png */ = {isa = PBXFileReference; lastKnownFileType = image.png; path = sign_in_webSS.png; sourceTree = "<group>"; };
		4C8D7A6817925C7600B8D8A6 /* clock.png */ = {isa = PBXFileReference; lastKnownFileType = image.png; path = clock.png; sourceTree = "<group>"; };
		4C8D7A6917925C7600B8D8A6 /* friendssharecount.png */ = {isa = PBXFileReference; lastKnownFileType = image.png; path = friendssharecount.png; sourceTree = "<group>"; };
		4C8D7A6A17925C7600B8D8A6 /* hexfortotalsharecount.png */ = {isa = PBXFileReference; lastKnownFileType = image.png; path = hexfortotalsharecount.png; sourceTree = "<group>"; };
		4C8D7A6B17925C7600B8D8A6 /* logo.png */ = {isa = PBXFileReference; lastKnownFileType = image.png; path = logo.png; sourceTree = "<group>"; };
		4C8D7A6C17925C7600B8D8A6 /* options menu original.png */ = {isa = PBXFileReference; lastKnownFileType = image.png; path = "options menu original.png"; sourceTree = "<group>"; };
		4C8D7A6D17925C7600B8D8A6 /* options menu.png */ = {isa = PBXFileReference; lastKnownFileType = image.png; path = "options menu.png"; sourceTree = "<group>"; };
		4C8D7A6E17925C7600B8D8A6 /* partial hex top nav (full).png */ = {isa = PBXFileReference; lastKnownFileType = image.png; path = "partial hex top nav (full).png"; sourceTree = "<group>"; };
		4C8D7A6F17925C7600B8D8A6 /* partial hex top nav.png */ = {isa = PBXFileReference; lastKnownFileType = image.png; path = "partial hex top nav.png"; sourceTree = "<group>"; };
		4C8D7A7017925C7600B8D8A6 /* red_triangle.png */ = {isa = PBXFileReference; lastKnownFileType = image.png; path = red_triangle.png; sourceTree = "<group>"; };
		4C8D7A7117925C7600B8D8A6 /* search.png */ = {isa = PBXFileReference; lastKnownFileType = image.png; path = search.png; sourceTree = "<group>"; };
		4C8D7A7217925C7600B8D8A6 /* storyback.png */ = {isa = PBXFileReference; lastKnownFileType = image.png; path = storyback.png; sourceTree = "<group>"; };
		4C8D7A7317925C7600B8D8A6 /* topbar.png */ = {isa = PBXFileReference; lastKnownFileType = image.png; path = topbar.png; sourceTree = "<group>"; };
		4C8D7A7417925C7600B8D8A6 /* topbar_320x44.png */ = {isa = PBXFileReference; lastKnownFileType = image.png; path = topbar_320x44.png; sourceTree = "<group>"; };
		4C8D7AAD17925CC500B8D8A6 /* collectivlyCollection.h */ = {isa = PBXFileReference; fileEncoding = 4; lastKnownFileType = sourcecode.c.h; path = collectivlyCollection.h; sourceTree = "<group>"; };
		4C8D7AAE17925CC500B8D8A6 /* collectivlyCollection.m */ = {isa = PBXFileReference; fileEncoding = 4; lastKnownFileType = sourcecode.c.objc; path = collectivlyCollection.m; sourceTree = "<group>"; };
		4C8D7AB117925CC500B8D8A6 /* collectivlySingleton.h */ = {isa = PBXFileReference; fileEncoding = 4; lastKnownFileType = sourcecode.c.h; path = collectivlySingleton.h; sourceTree = "<group>"; };
		4C8D7AB217925CC500B8D8A6 /* collectivlySingleton.m */ = {isa = PBXFileReference; fileEncoding = 4; lastKnownFileType = sourcecode.c.objc; path = collectivlySingleton.m; sourceTree = "<group>"; };
		4C8D7AB317925CC500B8D8A6 /* collectivlyStory.h */ = {isa = PBXFileReference; fileEncoding = 4; lastKnownFileType = sourcecode.c.h; path = collectivlyStory.h; sourceTree = "<group>"; };
		4C8D7AB417925CC500B8D8A6 /* collectivlyStory.m */ = {isa = PBXFileReference; fileEncoding = 4; lastKnownFileType = sourcecode.c.objc; path = collectivlyStory.m; sourceTree = "<group>"; };
		4C8D7ABB17925D4900B8D8A6 /* JTRevealSidebarV2Delegate.h */ = {isa = PBXFileReference; fileEncoding = 4; lastKnownFileType = sourcecode.c.h; path = JTRevealSidebarV2Delegate.h; sourceTree = "<group>"; };
		4C8D7ABC17925D4900B8D8A6 /* UINavigationItem+JTRevealSidebarV2.h */ = {isa = PBXFileReference; fileEncoding = 4; lastKnownFileType = sourcecode.c.h; path = "UINavigationItem+JTRevealSidebarV2.h"; sourceTree = "<group>"; };
		4C8D7ABD17925D4900B8D8A6 /* UINavigationItem+JTRevealSidebarV2.m */ = {isa = PBXFileReference; fileEncoding = 4; lastKnownFileType = sourcecode.c.objc; path = "UINavigationItem+JTRevealSidebarV2.m"; sourceTree = "<group>"; };
		4C8D7ABE17925D4900B8D8A6 /* UIViewController+JTRevealSidebarV2.h */ = {isa = PBXFileReference; fileEncoding = 4; lastKnownFileType = sourcecode.c.h; path = "UIViewController+JTRevealSidebarV2.h"; sourceTree = "<group>"; };
		4C8D7ABF17925D4900B8D8A6 /* UIViewController+JTRevealSidebarV2.m */ = {isa = PBXFileReference; fileEncoding = 4; lastKnownFileType = sourcecode.c.objc; path = "UIViewController+JTRevealSidebarV2.m"; sourceTree = "<group>"; };
		4C8D7AC017925D4900B8D8A6 /* MBProgressHUD.h */ = {isa = PBXFileReference; fileEncoding = 4; lastKnownFileType = sourcecode.c.h; path = MBProgressHUD.h; sourceTree = "<group>"; };
		4C8D7AC117925D4900B8D8A6 /* MBProgressHUD.m */ = {isa = PBXFileReference; fileEncoding = 4; lastKnownFileType = sourcecode.c.objc; path = MBProgressHUD.m; sourceTree = "<group>"; };
		4C8D7AC617932CBD00B8D8A6 /* GetCollectionsCommand.h */ = {isa = PBXFileReference; fileEncoding = 4; lastKnownFileType = sourcecode.c.h; path = GetCollectionsCommand.h; sourceTree = "<group>"; };
		4C8D7AC717932CBD00B8D8A6 /* GetCollectionsCommand.m */ = {isa = PBXFileReference; fileEncoding = 4; lastKnownFileType = sourcecode.c.objc; path = GetCollectionsCommand.m; sourceTree = "<group>"; };
		4CA998DE1746A07000C252B3 /* collectivlyExpandedContentViewController.h */ = {isa = PBXFileReference; fileEncoding = 4; lastKnownFileType = sourcecode.c.h; path = collectivlyExpandedContentViewController.h; sourceTree = "<group>"; };
		4CA998DF1746A07000C252B3 /* collectivlyExpandedContentViewController.m */ = {isa = PBXFileReference; fileEncoding = 4; lastKnownFileType = sourcecode.c.objc; path = collectivlyExpandedContentViewController.m; sourceTree = "<group>"; };
		4CBF7A5D179C4E000059FC7E /* VotingCommand.h */ = {isa = PBXFileReference; fileEncoding = 4; lastKnownFileType = sourcecode.c.h; path = VotingCommand.h; sourceTree = "<group>"; };
		4CBF7A5E179C4E000059FC7E /* VotingCommand.m */ = {isa = PBXFileReference; fileEncoding = 4; lastKnownFileType = sourcecode.c.objc; path = VotingCommand.m; sourceTree = "<group>"; };
		4CBF7A60179C59E30059FC7E /* RecollectCommand.h */ = {isa = PBXFileReference; fileEncoding = 4; lastKnownFileType = sourcecode.c.h; path = RecollectCommand.h; sourceTree = "<group>"; };
		4CBF7A61179C59E30059FC7E /* RecollectCommand.m */ = {isa = PBXFileReference; fileEncoding = 4; lastKnownFileType = sourcecode.c.objc; path = RecollectCommand.m; sourceTree = "<group>"; };
		4CF8D9AF1710BEAD00E4FD21 /* collectivly.app */ = {isa = PBXFileReference; explicitFileType = wrapper.application; includeInIndex = 0; path = collectivly.app; sourceTree = BUILT_PRODUCTS_DIR; };
		4CF8D9B21710BEAD00E4FD21 /* UIKit.framework */ = {isa = PBXFileReference; lastKnownFileType = wrapper.framework; name = UIKit.framework; path = System/Library/Frameworks/UIKit.framework; sourceTree = SDKROOT; };
		4CF8D9B41710BEAD00E4FD21 /* Foundation.framework */ = {isa = PBXFileReference; lastKnownFileType = wrapper.framework; name = Foundation.framework; path = System/Library/Frameworks/Foundation.framework; sourceTree = SDKROOT; };
		4CF8D9B61710BEAD00E4FD21 /* CoreGraphics.framework */ = {isa = PBXFileReference; lastKnownFileType = wrapper.framework; name = CoreGraphics.framework; path = System/Library/Frameworks/CoreGraphics.framework; sourceTree = SDKROOT; };
		4CF8D9BA1710BEAD00E4FD21 /* collectivly-Info.plist */ = {isa = PBXFileReference; lastKnownFileType = text.plist.xml; path = "collectivly-Info.plist"; sourceTree = "<group>"; };
		4CF8D9BC1710BEAD00E4FD21 /* en */ = {isa = PBXFileReference; lastKnownFileType = text.plist.strings; name = en; path = en.lproj/InfoPlist.strings; sourceTree = "<group>"; };
		4CF8D9BE1710BEAD00E4FD21 /* main.m */ = {isa = PBXFileReference; lastKnownFileType = sourcecode.c.objc; path = main.m; sourceTree = "<group>"; };
		4CF8D9C01710BEAD00E4FD21 /* collectivly-Prefix.pch */ = {isa = PBXFileReference; lastKnownFileType = sourcecode.c.h; path = "collectivly-Prefix.pch"; sourceTree = "<group>"; };
		4CF8D9C11710BEAD00E4FD21 /* collectivlyAppDelegate.h */ = {isa = PBXFileReference; lastKnownFileType = sourcecode.c.h; path = collectivlyAppDelegate.h; sourceTree = "<group>"; };
		4CF8D9C21710BEAD00E4FD21 /* collectivlyAppDelegate.m */ = {isa = PBXFileReference; lastKnownFileType = sourcecode.c.objc; path = collectivlyAppDelegate.m; sourceTree = "<group>"; };
		4CF8D9CB1710BEAD00E4FD21 /* en */ = {isa = PBXFileReference; lastKnownFileType = file.storyboard; name = en; path = en.lproj/MainStoryboard.storyboard; sourceTree = "<group>"; };
		4CF8D9CD1710BEAD00E4FD21 /* collectivlyViewController.h */ = {isa = PBXFileReference; lastKnownFileType = sourcecode.c.h; path = collectivlyViewController.h; sourceTree = "<group>"; };
		4CF8D9CE1710BEAD00E4FD21 /* collectivlyViewController.m */ = {isa = PBXFileReference; lastKnownFileType = sourcecode.c.objc; path = collectivlyViewController.m; sourceTree = "<group>"; };
		4CF8D9EA1710C05900E4FD21 /* collectivlyCollectionsViewController.h */ = {isa = PBXFileReference; fileEncoding = 4; lastKnownFileType = sourcecode.c.h; path = collectivlyCollectionsViewController.h; sourceTree = "<group>"; };
		4CF8D9EB1710C05900E4FD21 /* collectivlyCollectionsViewController.m */ = {isa = PBXFileReference; fileEncoding = 4; lastKnownFileType = sourcecode.c.objc; path = collectivlyCollectionsViewController.m; sourceTree = "<group>"; };
/* End PBXFileReference section */

/* Begin PBXFrameworksBuildPhase section */
		4CF8D9AC1710BEAD00E4FD21 /* Frameworks */ = {
			isa = PBXFrameworksBuildPhase;
			buildActionMask = 2147483647;
			files = (
				4CF8D9B31710BEAD00E4FD21 /* UIKit.framework in Frameworks */,
				4CF8D9B51710BEAD00E4FD21 /* Foundation.framework in Frameworks */,
				4CF8D9B71710BEAD00E4FD21 /* CoreGraphics.framework in Frameworks */,
			);
			runOnlyForDeploymentPostprocessing = 0;
		};
/* End PBXFrameworksBuildPhase section */

/* Begin PBXGroup section */
		4C08AF501721CDC900862911 /* ProximaNova */ = {
			isa = PBXGroup;
			children = (
				4C08AF511721CDC900862911 /* ProximaNova-Black.otf */,
				4C08AF521721CDC900862911 /* ProximaNova-Bold.otf */,
				4C08AF531721CDC900862911 /* ProximaNova-BoldIt.otf */,
				4C08AF541721CDC900862911 /* ProximaNova-Extrabold.otf */,
				4C08AF551721CDC900862911 /* ProximaNova-Light.otf */,
				4C08AF561721CDC900862911 /* ProximaNova-LightItalic.otf */,
				4C08AF571721CDC900862911 /* ProximaNova-RegItalic.otf */,
				4C08AF581721CDC900862911 /* ProximaNova-Regular.otf */,
				4C08AF591721CDC900862911 /* ProximaNova-RegularItalic.otf */,
				4C08AF5A1721CDC900862911 /* ProximaNova-Semibold.otf */,
				4C08AF5B1721CDC900862911 /* ProximaNova-SemiboldItalic.otf */,
				4C08AF5C1721CDC900862911 /* ProximaNovaCond-Light.otf */,
				4C08AF5D1721CDC900862911 /* ProximaNovaCond-LightIt.otf */,
				4C08AF5E1721CDC900862911 /* ProximaNovaCond-Regular.otf */,
				4C08AF5F1721CDC900862911 /* ProximaNovaCond-RegularIt.otf */,
				4C08AF601721CDC900862911 /* ProximaNovaCond-Semibold.otf */,
				4C08AF611721CDC900862911 /* ProximaNovaCond-SemiboldIt.otf */,
			);
			path = ProximaNova;
			sourceTree = "<group>";
		};
		4C3532221794F6F400C8DB98 /* AsyncImageView */ = {
			isa = PBXGroup;
			children = (
				4C3532231794F6F400C8DB98 /* AsyncImageView.h */,
				4C3532241794F6F400C8DB98 /* AsyncImageView.m */,
			);
			path = AsyncImageView;
			sourceTree = "<group>";
		};
		4C8D7A3A17925C7600B8D8A6 /* Images */ = {
			isa = PBXGroup;
			children = (
				4C3532261794FB9700C8DB98 /* white_square.jpg */,
				4C8D7A3B17925C7600B8D8A6 /* back_logo.png */,
				4C8D7A3C17925C7600B8D8A6 /* cloud.png */,
				4C8D7A3D17925C7600B8D8A6 /* collectivly_logo.png */,
				4C8D7A3E17925C7600B8D8A6 /* cream_pixels.png */,
				4C8D7A3F17925C7600B8D8A6 /* cream_pixels_@2X.png */,
				4C8D7A4017925C7600B8D8A6 /* Default-568h@2x.png */,
				4C8D7A4117925C7600B8D8A6 /* Default.png */,
				4C8D7A4217925C7600B8D8A6 /* Default@2x.png */,
				4C8D7A4317925C7600B8D8A6 /* expanded_content */,
				4C8D7A5617925C7600B8D8A6 /* furley_bg.png */,
				4C8D7A5717925C7600B8D8A6 /* furley_bg_@2X.png */,
				4C8D7A5817925C7600B8D8A6 /* grey_wash_wall.png */,
				4C8D7A5917925C7600B8D8A6 /* grey_wash_wall_@2X.png */,
				4C8D7A5A17925C7600B8D8A6 /* intro_logo.png */,
				4C8D7A5B17925C7600B8D8A6 /* request_invite_webSS.png */,
				4C8D7A5C17925C7600B8D8A6 /* side_menu */,
				4C8D7A6617925C7600B8D8A6 /* sign_in_webSS.png */,
				4C8D7A6717925C7600B8D8A6 /* stories_view */,
			);
			path = Images;
			sourceTree = "<group>";
		};
		4C8D7A4317925C7600B8D8A6 /* expanded_content */ = {
			isa = PBXGroup;
			children = (
				4C8D7A4417925C7600B8D8A6 /* 1pxblacklinebelowimage.png */,
				4C8D7A4517925C7600B8D8A6 /* backbutton.png */,
				4C8D7A4617925C7600B8D8A6 /* centerrecollectbutton.png */,
				4C8D7A4717925C7600B8D8A6 /* centerrecollectbuttononclick.png */,
				4C8D7A4817925C7600B8D8A6 /* clock_darker.png */,
				4C8D7A4917925C7600B8D8A6 /* collectorcommentbackground-varibaleheight.png */,
				4C8D7A4A17925C7600B8D8A6 /* commentbackground-variableheight.png */,
				4C8D7A4B17925C7600B8D8A6 /* downvote.png */,
				4C8D7A4C17925C7600B8D8A6 /* downvoteonclick.png */,
				4C8D7A4D17925C7600B8D8A6 /* friends_darker.png */,
				4C8D7A4E17925C7600B8D8A6 /* hex_darker.png */,
				4C8D7A4F17925C7600B8D8A6 /* logo+2px.png */,
				4C8D7A5017925C7600B8D8A6 /* menubutton.png */,
				4C8D7A5117925C7600B8D8A6 /* menubutton_1px.png */,
				4C8D7A5217925C7600B8D8A6 /* sampleimage640x573.png */,
				4C8D7A5317925C7600B8D8A6 /* upvote.png */,
				4C8D7A5417925C7600B8D8A6 /* upvoteonclick.png */,
				4C8D7A5517925C7600B8D8A6 /* whitetransparentbackgroundbehindbuttons.png */,
			);
			path = expanded_content;
			sourceTree = "<group>";
		};
		4C8D7A5C17925C7600B8D8A6 /* side_menu */ = {
			isa = PBXGroup;
			children = (
				4C8D7A5D17925C7600B8D8A6 /* bottom_logo.png */,
				4C8D7A5E17925C7600B8D8A6 /* check_selected.png */,
				4C8D7A5F17925C7600B8D8A6 /* greyback-no-shadow.png */,
				4C8D7A6017925C7600B8D8A6 /* notificationbackground.png */,
				4C8D7A6117925C7600B8D8A6 /* profile_cutout.psd */,
				4C8D7A6217925C7600B8D8A6 /* profileback.png */,
				4C8D7A6317925C7600B8D8A6 /* profileimageexample.png */,
				4C8D7A6417925C7600B8D8A6 /* submenu_lightgrey.png */,
				4C8D7A6517925C7600B8D8A6 /* subsubmenu_darkergrey.png */,
			);
			path = side_menu;
			sourceTree = "<group>";
		};
		4C8D7A6717925C7600B8D8A6 /* stories_view */ = {
			isa = PBXGroup;
			children = (
				4C8D7A6817925C7600B8D8A6 /* clock.png */,
				4C8D7A6917925C7600B8D8A6 /* friendssharecount.png */,
				4C8D7A6A17925C7600B8D8A6 /* hexfortotalsharecount.png */,
				4C8D7A6B17925C7600B8D8A6 /* logo.png */,
				4C8D7A6C17925C7600B8D8A6 /* options menu original.png */,
				4C8D7A6D17925C7600B8D8A6 /* options menu.png */,
				4C8D7A6E17925C7600B8D8A6 /* partial hex top nav (full).png */,
				4C8D7A6F17925C7600B8D8A6 /* partial hex top nav.png */,
				4C8D7A7017925C7600B8D8A6 /* red_triangle.png */,
				4C8D7A7117925C7600B8D8A6 /* search.png */,
				4C8D7A7217925C7600B8D8A6 /* storyback.png */,
				4C8D7A7317925C7600B8D8A6 /* topbar.png */,
				4C8D7A7417925C7600B8D8A6 /* topbar_320x44.png */,
			);
			path = stories_view;
			sourceTree = "<group>";
		};
		4C8D7AAC17925CC500B8D8A6 /* Models */ = {
			isa = PBXGroup;
			children = (
				4C8D7AAD17925CC500B8D8A6 /* collectivlyCollection.h */,
				4C8D7AAE17925CC500B8D8A6 /* collectivlyCollection.m */,
				4C8D7AB117925CC500B8D8A6 /* collectivlySingleton.h */,
				4C8D7AB217925CC500B8D8A6 /* collectivlySingleton.m */,
				4C8D7AB317925CC500B8D8A6 /* collectivlyStory.h */,
				4C8D7AB417925CC500B8D8A6 /* collectivlyStory.m */,
			);
			path = Models;
			sourceTree = "<group>";
		};
		4C8D7AB917925D4900B8D8A6 /* Imported */ = {
			isa = PBXGroup;
			children = (
				4C3532221794F6F400C8DB98 /* AsyncImageView */,
				4C8D7ABA17925D4900B8D8A6 /* JTRevealSidebarV2 */,
				4C8D7AC017925D4900B8D8A6 /* MBProgressHUD.h */,
				4C8D7AC117925D4900B8D8A6 /* MBProgressHUD.m */,
			);
			path = Imported;
			sourceTree = "<group>";
		};
		4C8D7ABA17925D4900B8D8A6 /* JTRevealSidebarV2 */ = {
			isa = PBXGroup;
			children = (
				4C8D7ABB17925D4900B8D8A6 /* JTRevealSidebarV2Delegate.h */,
				4C8D7ABC17925D4900B8D8A6 /* UINavigationItem+JTRevealSidebarV2.h */,
				4C8D7ABD17925D4900B8D8A6 /* UINavigationItem+JTRevealSidebarV2.m */,
				4C8D7ABE17925D4900B8D8A6 /* UIViewController+JTRevealSidebarV2.h */,
				4C8D7ABF17925D4900B8D8A6 /* UIViewController+JTRevealSidebarV2.m */,
			);
			path = JTRevealSidebarV2;
			sourceTree = "<group>";
		};
		4C8D7AC517932B0300B8D8A6 /* DataAccess */ = {
			isa = PBXGroup;
			children = (
				4CBF7A5D179C4E000059FC7E /* VotingCommand.h */,
				4CBF7A5E179C4E000059FC7E /* VotingCommand.m */,
				4C8D7AC617932CBD00B8D8A6 /* GetCollectionsCommand.h */,
				4C8D7AC717932CBD00B8D8A6 /* GetCollectionsCommand.m */,
				4C1BF794179AE5FC00AAAEDF /* GetStoriesForCollectionCommand.h */,
				4C1BF795179AE5FC00AAAEDF /* GetStoriesForCollectionCommand.m */,
				4C1BF797179AFCE100AAAEDF /* SignUserInCommand.h */,
				4C1BF798179AFCE100AAAEDF /* SignUserInCommand.m */,
				4C1BF79A179B049400AAAEDF /* RequestInviteCommand.h */,
				4C1BF79B179B049400AAAEDF /* RequestInviteCommand.m */,
				4CBF7A60179C59E30059FC7E /* RecollectCommand.h */,
				4CBF7A61179C59E30059FC7E /* RecollectCommand.m */,
			);
			path = DataAccess;
			sourceTree = "<group>";
		};
		4CF8D9A61710BEAD00E4FD21 = {
			isa = PBXGroup;
			children = (
				4CF8D9B81710BEAD00E4FD21 /* collectivly */,
				4CF8D9B11710BEAD00E4FD21 /* Frameworks */,
				4CF8D9B01710BEAD00E4FD21 /* Products */,
			);
			sourceTree = "<group>";
		};
		4CF8D9B01710BEAD00E4FD21 /* Products */ = {
			isa = PBXGroup;
			children = (
				4CF8D9AF1710BEAD00E4FD21 /* collectivly.app */,
			);
			name = Products;
			sourceTree = "<group>";
		};
		4CF8D9B11710BEAD00E4FD21 /* Frameworks */ = {
			isa = PBXGroup;
			children = (
				4CF8D9B21710BEAD00E4FD21 /* UIKit.framework */,
				4CF8D9B41710BEAD00E4FD21 /* Foundation.framework */,
				4CF8D9B61710BEAD00E4FD21 /* CoreGraphics.framework */,
			);
			name = Frameworks;
			sourceTree = "<group>";
		};
		4CF8D9B81710BEAD00E4FD21 /* collectivly */ = {
			isa = PBXGroup;
			children = (
				4CF8D9C11710BEAD00E4FD21 /* collectivlyAppDelegate.h */,
				4CF8D9C21710BEAD00E4FD21 /* collectivlyAppDelegate.m */,
				4CF8D9CA1710BEAD00E4FD21 /* MainStoryboard.storyboard */,
				4CF8D9CD1710BEAD00E4FD21 /* collectivlyViewController.h */,
				4CF8D9CE1710BEAD00E4FD21 /* collectivlyViewController.m */,
				4CF8D9EA1710C05900E4FD21 /* collectivlyCollectionsViewController.h */,
				4CF8D9EB1710C05900E4FD21 /* collectivlyCollectionsViewController.m */,
				4C2F88F81721EF15009006EF /* collectivlyStoriesViewController.h */,
				4C2F88F91721EF15009006EF /* collectivlyStoriesViewController.m */,
				4CA998DE1746A07000C252B3 /* collectivlyExpandedContentViewController.h */,
				4CA998DF1746A07000C252B3 /* collectivlyExpandedContentViewController.m */,
				4C319C821753FDCF0037C84D /* collectivlySidebarViewController.h */,
				4C319C831753FDCF0037C84D /* collectivlySidebarViewController.m */,
				4C78C969177F9748007166BF /* collectivlyWebViewController.h */,
				4C78C96A177F9748007166BF /* collectivlyWebViewController.m */,
				4C8D7AC517932B0300B8D8A6 /* DataAccess */,
				4C8D7A3A17925C7600B8D8A6 /* Images */,
				4C8D7AB917925D4900B8D8A6 /* Imported */,
				4C8D7AAC17925CC500B8D8A6 /* Models */,
				4CF8D9B91710BEAD00E4FD21 /* Supporting Files */,
			);
			path = collectivly;
			sourceTree = "<group>";
		};
		4CF8D9B91710BEAD00E4FD21 /* Supporting Files */ = {
			isa = PBXGroup;
			children = (
				4C08AF501721CDC900862911 /* ProximaNova */,
				4CF8D9BA1710BEAD00E4FD21 /* collectivly-Info.plist */,
				4CF8D9BB1710BEAD00E4FD21 /* InfoPlist.strings */,
				4CF8D9BE1710BEAD00E4FD21 /* main.m */,
				4CF8D9C01710BEAD00E4FD21 /* collectivly-Prefix.pch */,
				4C1BF7931797A5A100AAAEDF /* DataConstants.h */,
				4C1BF79D179B0C1100AAAEDF /* collectivlyUtilities.h */,
				4C1BF79E179B0C1100AAAEDF /* collectivlyUtilities.m */,
			);
			name = "Supporting Files";
			sourceTree = "<group>";
			wrapsLines = 0;
		};
/* End PBXGroup section */

/* Begin PBXNativeTarget section */
		4CF8D9AE1710BEAD00E4FD21 /* collectivly */ = {
			isa = PBXNativeTarget;
			buildConfigurationList = 4CF8D9D21710BEAD00E4FD21 /* Build configuration list for PBXNativeTarget "collectivly" */;
			buildPhases = (
				4CF8D9AB1710BEAD00E4FD21 /* Sources */,
				4CF8D9AC1710BEAD00E4FD21 /* Frameworks */,
				4CF8D9AD1710BEAD00E4FD21 /* Resources */,
			);
			buildRules = (
			);
			dependencies = (
			);
			name = collectivly;
			productName = collectivly;
			productReference = 4CF8D9AF1710BEAD00E4FD21 /* collectivly.app */;
			productType = "com.apple.product-type.application";
		};
/* End PBXNativeTarget section */

/* Begin PBXProject section */
		4CF8D9A71710BEAD00E4FD21 /* Project object */ = {
			isa = PBXProject;
			attributes = {
				CLASSPREFIX = collectivly;
				LastUpgradeCheck = 0460;
				ORGANIZATIONNAME = "Nathan Fraenkel";
			};
			buildConfigurationList = 4CF8D9AA1710BEAD00E4FD21 /* Build configuration list for PBXProject "collectivly" */;
			compatibilityVersion = "Xcode 3.2";
			developmentRegion = English;
			hasScannedForEncodings = 0;
			knownRegions = (
				en,
			);
			mainGroup = 4CF8D9A61710BEAD00E4FD21;
			productRefGroup = 4CF8D9B01710BEAD00E4FD21 /* Products */;
			projectDirPath = "";
			projectRoot = "";
			targets = (
				4CF8D9AE1710BEAD00E4FD21 /* collectivly */,
			);
		};
/* End PBXProject section */

/* Begin PBXResourcesBuildPhase section */
		4CF8D9AD1710BEAD00E4FD21 /* Resources */ = {
			isa = PBXResourcesBuildPhase;
			buildActionMask = 2147483647;
			files = (
				4CF8D9BD1710BEAD00E4FD21 /* InfoPlist.strings in Resources */,
				4CF8D9CC1710BEAD00E4FD21 /* MainStoryboard.storyboard in Resources */,
				4C08AF621721CDC900862911 /* ProximaNova-Black.otf in Resources */,
				4C08AF631721CDC900862911 /* ProximaNova-Bold.otf in Resources */,
				4C08AF641721CDC900862911 /* ProximaNova-BoldIt.otf in Resources */,
				4C08AF651721CDC900862911 /* ProximaNova-Extrabold.otf in Resources */,
				4C08AF661721CDC900862911 /* ProximaNova-Light.otf in Resources */,
				4C08AF671721CDC900862911 /* ProximaNova-LightItalic.otf in Resources */,
				4C08AF681721CDC900862911 /* ProximaNova-RegItalic.otf in Resources */,
				4C08AF691721CDC900862911 /* ProximaNova-Regular.otf in Resources */,
				4C08AF6A1721CDC900862911 /* ProximaNova-RegularItalic.otf in Resources */,
				4C08AF6B1721CDC900862911 /* ProximaNova-Semibold.otf in Resources */,
				4C08AF6C1721CDC900862911 /* ProximaNova-SemiboldItalic.otf in Resources */,
				4C08AF6D1721CDC900862911 /* ProximaNovaCond-Light.otf in Resources */,
				4C08AF6E1721CDC900862911 /* ProximaNovaCond-LightIt.otf in Resources */,
				4C08AF6F1721CDC900862911 /* ProximaNovaCond-Regular.otf in Resources */,
				4C08AF701721CDC900862911 /* ProximaNovaCond-RegularIt.otf in Resources */,
				4C08AF711721CDC900862911 /* ProximaNovaCond-Semibold.otf in Resources */,
				4C08AF721721CDC900862911 /* ProximaNovaCond-SemiboldIt.otf in Resources */,
				4C8D7A7517925C7600B8D8A6 /* back_logo.png in Resources */,
				4C8D7A7617925C7600B8D8A6 /* cloud.png in Resources */,
				4C8D7A7717925C7600B8D8A6 /* collectivly_logo.png in Resources */,
				4C8D7A7817925C7600B8D8A6 /* cream_pixels.png in Resources */,
				4C8D7A7917925C7600B8D8A6 /* cream_pixels_@2X.png in Resources */,
				4C8D7A7A17925C7600B8D8A6 /* Default-568h@2x.png in Resources */,
				4C8D7A7B17925C7600B8D8A6 /* Default.png in Resources */,
				4C8D7A7C17925C7600B8D8A6 /* Default@2x.png in Resources */,
				4C8D7A7D17925C7600B8D8A6 /* 1pxblacklinebelowimage.png in Resources */,
				4C8D7A7E17925C7600B8D8A6 /* backbutton.png in Resources */,
				4C8D7A7F17925C7600B8D8A6 /* centerrecollectbutton.png in Resources */,
				4C8D7A8017925C7600B8D8A6 /* centerrecollectbuttononclick.png in Resources */,
				4C8D7A8117925C7600B8D8A6 /* clock_darker.png in Resources */,
				4C8D7A8217925C7600B8D8A6 /* collectorcommentbackground-varibaleheight.png in Resources */,
				4C8D7A8317925C7600B8D8A6 /* commentbackground-variableheight.png in Resources */,
				4C8D7A8417925C7600B8D8A6 /* downvote.png in Resources */,
				4C8D7A8517925C7600B8D8A6 /* downvoteonclick.png in Resources */,
				4C8D7A8617925C7600B8D8A6 /* friends_darker.png in Resources */,
				4C8D7A8717925C7600B8D8A6 /* hex_darker.png in Resources */,
				4C8D7A8817925C7600B8D8A6 /* logo+2px.png in Resources */,
				4C8D7A8917925C7600B8D8A6 /* menubutton.png in Resources */,
				4C8D7A8A17925C7600B8D8A6 /* menubutton_1px.png in Resources */,
				4C8D7A8B17925C7600B8D8A6 /* sampleimage640x573.png in Resources */,
				4C8D7A8C17925C7600B8D8A6 /* upvote.png in Resources */,
				4C8D7A8D17925C7600B8D8A6 /* upvoteonclick.png in Resources */,
				4C8D7A8E17925C7600B8D8A6 /* whitetransparentbackgroundbehindbuttons.png in Resources */,
				4C8D7A8F17925C7600B8D8A6 /* furley_bg.png in Resources */,
				4C8D7A9017925C7600B8D8A6 /* furley_bg_@2X.png in Resources */,
				4C8D7A9117925C7600B8D8A6 /* grey_wash_wall.png in Resources */,
				4C8D7A9217925C7600B8D8A6 /* grey_wash_wall_@2X.png in Resources */,
				4C8D7A9317925C7600B8D8A6 /* intro_logo.png in Resources */,
				4C8D7A9417925C7600B8D8A6 /* request_invite_webSS.png in Resources */,
				4C8D7A9517925C7600B8D8A6 /* bottom_logo.png in Resources */,
				4C8D7A9617925C7600B8D8A6 /* check_selected.png in Resources */,
				4C8D7A9717925C7600B8D8A6 /* greyback-no-shadow.png in Resources */,
				4C8D7A9817925C7600B8D8A6 /* notificationbackground.png in Resources */,
				4C8D7A9917925C7600B8D8A6 /* profile_cutout.psd in Resources */,
				4C8D7A9A17925C7600B8D8A6 /* profileback.png in Resources */,
				4C8D7A9B17925C7600B8D8A6 /* profileimageexample.png in Resources */,
				4C8D7A9C17925C7600B8D8A6 /* submenu_lightgrey.png in Resources */,
				4C8D7A9D17925C7600B8D8A6 /* subsubmenu_darkergrey.png in Resources */,
				4C8D7A9E17925C7600B8D8A6 /* sign_in_webSS.png in Resources */,
				4C8D7A9F17925C7600B8D8A6 /* clock.png in Resources */,
				4C8D7AA017925C7600B8D8A6 /* friendssharecount.png in Resources */,
				4C8D7AA117925C7600B8D8A6 /* hexfortotalsharecount.png in Resources */,
				4C8D7AA217925C7600B8D8A6 /* logo.png in Resources */,
				4C8D7AA317925C7600B8D8A6 /* options menu original.png in Resources */,
				4C8D7AA417925C7600B8D8A6 /* options menu.png in Resources */,
				4C8D7AA517925C7600B8D8A6 /* partial hex top nav (full).png in Resources */,
				4C8D7AA617925C7600B8D8A6 /* partial hex top nav.png in Resources */,
				4C8D7AA717925C7600B8D8A6 /* red_triangle.png in Resources */,
				4C8D7AA817925C7600B8D8A6 /* search.png in Resources */,
				4C8D7AA917925C7600B8D8A6 /* storyback.png in Resources */,
				4C8D7AAA17925C7600B8D8A6 /* topbar.png in Resources */,
				4C8D7AAB17925C7600B8D8A6 /* topbar_320x44.png in Resources */,
				4C3532271794FB9700C8DB98 /* white_square.jpg in Resources */,
			);
			runOnlyForDeploymentPostprocessing = 0;
		};
/* End PBXResourcesBuildPhase section */

/* Begin PBXSourcesBuildPhase section */
		4CF8D9AB1710BEAD00E4FD21 /* Sources */ = {
			isa = PBXSourcesBuildPhase;
			buildActionMask = 2147483647;
			files = (
				4CF8D9BF1710BEAD00E4FD21 /* main.m in Sources */,
				4CF8D9C31710BEAD00E4FD21 /* collectivlyAppDelegate.m in Sources */,
				4CF8D9CF1710BEAD00E4FD21 /* collectivlyViewController.m in Sources */,
				4CF8D9EC1710C05900E4FD21 /* collectivlyCollectionsViewController.m in Sources */,
				4C2F88FA1721EF15009006EF /* collectivlyStoriesViewController.m in Sources */,
				4CA998E11746A07000C252B3 /* collectivlyExpandedContentViewController.m in Sources */,
				4C319C841753FDCF0037C84D /* collectivlySidebarViewController.m in Sources */,
				4C78C96B177F9748007166BF /* collectivlyWebViewController.m in Sources */,
				4C8D7AB517925CC500B8D8A6 /* collectivlyCollection.m in Sources */,
				4C8D7AB717925CC500B8D8A6 /* collectivlySingleton.m in Sources */,
				4C8D7AB817925CC500B8D8A6 /* collectivlyStory.m in Sources */,
				4C8D7AC217925D4900B8D8A6 /* UINavigationItem+JTRevealSidebarV2.m in Sources */,
				4C8D7AC317925D4900B8D8A6 /* UIViewController+JTRevealSidebarV2.m in Sources */,
				4C8D7AC417925D4900B8D8A6 /* MBProgressHUD.m in Sources */,
				4C8D7AC817932CBD00B8D8A6 /* GetCollectionsCommand.m in Sources */,
				4C3532251794F6F400C8DB98 /* AsyncImageView.m in Sources */,
				4C1BF796179AE5FC00AAAEDF /* GetStoriesForCollectionCommand.m in Sources */,
				4C1BF799179AFCE100AAAEDF /* SignUserInCommand.m in Sources */,
				4C1BF79C179B049400AAAEDF /* RequestInviteCommand.m in Sources */,
				4C1BF79F179B0C1100AAAEDF /* collectivlyUtilities.m in Sources */,
				4CBF7A5F179C4E000059FC7E /* VotingCommand.m in Sources */,
				4CBF7A62179C59E30059FC7E /* RecollectCommand.m in Sources */,
			);
			runOnlyForDeploymentPostprocessing = 0;
		};
/* End PBXSourcesBuildPhase section */

/* Begin PBXVariantGroup section */
		4CF8D9BB1710BEAD00E4FD21 /* InfoPlist.strings */ = {
			isa = PBXVariantGroup;
			children = (
				4CF8D9BC1710BEAD00E4FD21 /* en */,
			);
			name = InfoPlist.strings;
			sourceTree = "<group>";
		};
		4CF8D9CA1710BEAD00E4FD21 /* MainStoryboard.storyboard */ = {
			isa = PBXVariantGroup;
			children = (
				4CF8D9CB1710BEAD00E4FD21 /* en */,
			);
			name = MainStoryboard.storyboard;
			sourceTree = "<group>";
		};
/* End PBXVariantGroup section */

/* Begin XCBuildConfiguration section */
		4CF8D9D01710BEAD00E4FD21 /* Debug */ = {
			isa = XCBuildConfiguration;
			buildSettings = {
				ALWAYS_SEARCH_USER_PATHS = NO;
				CLANG_CXX_LANGUAGE_STANDARD = "gnu++0x";
				CLANG_CXX_LIBRARY = "libc++";
				CLANG_ENABLE_OBJC_ARC = YES;
				CLANG_WARN_CONSTANT_CONVERSION = YES;
				CLANG_WARN_EMPTY_BODY = YES;
				CLANG_WARN_ENUM_CONVERSION = YES;
				CLANG_WARN_INT_CONVERSION = YES;
				CLANG_WARN__DUPLICATE_METHOD_MATCH = YES;
				"CODE_SIGN_IDENTITY[sdk=iphoneos*]" = "iPhone Developer";
				COPY_PHASE_STRIP = NO;
				GCC_C_LANGUAGE_STANDARD = gnu99;
				GCC_DYNAMIC_NO_PIC = NO;
				GCC_OPTIMIZATION_LEVEL = 0;
				GCC_PREPROCESSOR_DEFINITIONS = (
					"DEBUG=1",
					"$(inherited)",
				);
				GCC_SYMBOLS_PRIVATE_EXTERN = NO;
				GCC_WARN_ABOUT_RETURN_TYPE = YES;
				GCC_WARN_UNINITIALIZED_AUTOS = YES;
				GCC_WARN_UNUSED_VARIABLE = YES;
				IPHONEOS_DEPLOYMENT_TARGET = 6.1;
				ONLY_ACTIVE_ARCH = YES;
				SDKROOT = iphoneos;
			};
			name = Debug;
		};
		4CF8D9D11710BEAD00E4FD21 /* Release */ = {
			isa = XCBuildConfiguration;
			buildSettings = {
				ALWAYS_SEARCH_USER_PATHS = NO;
				CLANG_CXX_LANGUAGE_STANDARD = "gnu++0x";
				CLANG_CXX_LIBRARY = "libc++";
				CLANG_ENABLE_OBJC_ARC = YES;
				CLANG_WARN_CONSTANT_CONVERSION = YES;
				CLANG_WARN_EMPTY_BODY = YES;
				CLANG_WARN_ENUM_CONVERSION = YES;
				CLANG_WARN_INT_CONVERSION = YES;
				CLANG_WARN__DUPLICATE_METHOD_MATCH = YES;
				"CODE_SIGN_IDENTITY[sdk=iphoneos*]" = "iPhone Developer";
				COPY_PHASE_STRIP = YES;
				GCC_C_LANGUAGE_STANDARD = gnu99;
				GCC_WARN_ABOUT_RETURN_TYPE = YES;
				GCC_WARN_UNINITIALIZED_AUTOS = YES;
				GCC_WARN_UNUSED_VARIABLE = YES;
				IPHONEOS_DEPLOYMENT_TARGET = 6.1;
				OTHER_CFLAGS = "-DNS_BLOCK_ASSERTIONS=1";
				SDKROOT = iphoneos;
				VALIDATE_PRODUCT = YES;
			};
			name = Release;
		};
		4CF8D9D31710BEAD00E4FD21 /* Debug */ = {
			isa = XCBuildConfiguration;
			buildSettings = {
				CLANG_WARN_OBJC_MISSING_PROPERTY_SYNTHESIS = YES;
				GCC_PRECOMPILE_PREFIX_HEADER = YES;
				GCC_PREFIX_HEADER = "collectivly/collectivly-Prefix.pch";
				GCC_WARN_UNUSED_VARIABLE = NO;
				INFOPLIST_FILE = "collectivly/collectivly-Info.plist";
				OTHER_CFLAGS = "";
				PRODUCT_NAME = "$(TARGET_NAME)";
				WRAPPER_EXTENSION = app;
			};
			name = Debug;
		};
		4CF8D9D41710BEAD00E4FD21 /* Release */ = {
			isa = XCBuildConfiguration;
			buildSettings = {
				CLANG_WARN_OBJC_MISSING_PROPERTY_SYNTHESIS = YES;
				GCC_PRECOMPILE_PREFIX_HEADER = YES;
				GCC_PREFIX_HEADER = "collectivly/collectivly-Prefix.pch";
				GCC_WARN_UNUSED_VARIABLE = NO;
				INFOPLIST_FILE = "collectivly/collectivly-Info.plist";
				OTHER_CFLAGS = "";
				PRODUCT_NAME = "$(TARGET_NAME)";
				WRAPPER_EXTENSION = app;
			};
			name = Release;
		};
/* End XCBuildConfiguration section */

/* Begin XCConfigurationList section */
		4CF8D9AA1710BEAD00E4FD21 /* Build configuration list for PBXProject "collectivly" */ = {
			isa = XCConfigurationList;
			buildConfigurations = (
				4CF8D9D01710BEAD00E4FD21 /* Debug */,
				4CF8D9D11710BEAD00E4FD21 /* Release */,
			);
			defaultConfigurationIsVisible = 0;
			defaultConfigurationName = Release;
		};
		4CF8D9D21710BEAD00E4FD21 /* Build configuration list for PBXNativeTarget "collectivly" */ = {
			isa = XCConfigurationList;
			buildConfigurations = (
				4CF8D9D31710BEAD00E4FD21 /* Debug */,
				4CF8D9D41710BEAD00E4FD21 /* Release */,
			);
			defaultConfigurationIsVisible = 0;
			defaultConfigurationName = Release;
		};
/* End XCConfigurationList section */
	};
	rootObject = 4CF8D9A71710BEAD00E4FD21 /* Project object */;
}
