// !$*UTF8*$!
{
	archiveVersion = 1;
	classes = {
	};
	objectVersion = 46;
	objects = {

/* Begin PBXBuildFile section */
		4C49F74516FD0BFC007F51DB /* CloudableStoriesViewController.m in Sources */ = {isa = PBXBuildFile; fileRef = 4C49F74316FD0BFC007F51DB /* CloudableStoriesViewController.m */; };
		4C49F74616FD0BFC007F51DB /* CloudableStoriesViewController.xib in Resources */ = {isa = PBXBuildFile; fileRef = 4C49F74416FD0BFC007F51DB /* CloudableStoriesViewController.xib */; };
		4C522D1A16F237C000773842 /* UIKit.framework in Frameworks */ = {isa = PBXBuildFile; fileRef = 4C522D1916F237C000773842 /* UIKit.framework */; };
		4C522D1C16F237C000773842 /* Foundation.framework in Frameworks */ = {isa = PBXBuildFile; fileRef = 4C522D1B16F237C000773842 /* Foundation.framework */; };
		4C522D1E16F237C000773842 /* CoreGraphics.framework in Frameworks */ = {isa = PBXBuildFile; fileRef = 4C522D1D16F237C000773842 /* CoreGraphics.framework */; };
		4C522D2416F237C000773842 /* InfoPlist.strings in Resources */ = {isa = PBXBuildFile; fileRef = 4C522D2216F237C000773842 /* InfoPlist.strings */; };
		4C522D2616F237C000773842 /* main.m in Sources */ = {isa = PBXBuildFile; fileRef = 4C522D2516F237C000773842 /* main.m */; };
		4C522D2A16F237C000773842 /* CloudableAppDelegate.m in Sources */ = {isa = PBXBuildFile; fileRef = 4C522D2916F237C000773842 /* CloudableAppDelegate.m */; };
		4C522D2C16F237C000773842 /* Default.png in Resources */ = {isa = PBXBuildFile; fileRef = 4C522D2B16F237C000773842 /* Default.png */; };
		4C522D2E16F237C000773842 /* Default@2x.png in Resources */ = {isa = PBXBuildFile; fileRef = 4C522D2D16F237C000773842 /* Default@2x.png */; };
		4C522D3016F237C000773842 /* Default-568h@2x.png in Resources */ = {isa = PBXBuildFile; fileRef = 4C522D2F16F237C000773842 /* Default-568h@2x.png */; };
		4C522D3316F237C000773842 /* CloudableViewController.m in Sources */ = {isa = PBXBuildFile; fileRef = 4C522D3216F237C000773842 /* CloudableViewController.m */; };
		4C522D3616F237C000773842 /* CloudableViewController.xib in Resources */ = {isa = PBXBuildFile; fileRef = 4C522D3416F237C000773842 /* CloudableViewController.xib */; };
		4C522D4016F239E600773842 /* cloud.png in Resources */ = {isa = PBXBuildFile; fileRef = 4C522D3C16F239E600773842 /* cloud.png */; };
		4C522D4116F239E600773842 /* furley_bg_@2X.png in Resources */ = {isa = PBXBuildFile; fileRef = 4C522D3D16F239E600773842 /* furley_bg_@2X.png */; };
		4C522D4216F239E600773842 /* furley_bg.png in Resources */ = {isa = PBXBuildFile; fileRef = 4C522D3E16F239E600773842 /* furley_bg.png */; };
		4C522D4316F239E600773842 /* intro_logo.png in Resources */ = {isa = PBXBuildFile; fileRef = 4C522D3F16F239E600773842 /* intro_logo.png */; };
		4C522D4516F23AA300773842 /* request_invite_webSS.png in Resources */ = {isa = PBXBuildFile; fileRef = 4C522D4416F23AA300773842 /* request_invite_webSS.png */; };
		4C95B79916F818F700900331 /* sign_in_webSS.png in Resources */ = {isa = PBXBuildFile; fileRef = 4C95B79816F818F700900331 /* sign_in_webSS.png */; };
		4CFA4D9E16FF7E2B00398415 /* CloudableCurrentLoggedInUser.m in Sources */ = {isa = PBXBuildFile; fileRef = 4CFA4D9D16FF7E2B00398415 /* CloudableCurrentLoggedInUser.m */; };
/* End PBXBuildFile section */

/* Begin PBXFileReference section */
		4C49F74216FD0BFC007F51DB /* CloudableStoriesViewController.h */ = {isa = PBXFileReference; fileEncoding = 4; lastKnownFileType = sourcecode.c.h; path = CloudableStoriesViewController.h; sourceTree = "<group>"; };
		4C49F74316FD0BFC007F51DB /* CloudableStoriesViewController.m */ = {isa = PBXFileReference; fileEncoding = 4; lastKnownFileType = sourcecode.c.objc; path = CloudableStoriesViewController.m; sourceTree = "<group>"; };
		4C49F74416FD0BFC007F51DB /* CloudableStoriesViewController.xib */ = {isa = PBXFileReference; fileEncoding = 4; lastKnownFileType = file.xib; path = CloudableStoriesViewController.xib; sourceTree = "<group>"; };
		4C522D1616F237C000773842 /* cloudable.app */ = {isa = PBXFileReference; explicitFileType = wrapper.application; includeInIndex = 0; path = cloudable.app; sourceTree = BUILT_PRODUCTS_DIR; };
		4C522D1916F237C000773842 /* UIKit.framework */ = {isa = PBXFileReference; lastKnownFileType = wrapper.framework; name = UIKit.framework; path = System/Library/Frameworks/UIKit.framework; sourceTree = SDKROOT; };
		4C522D1B16F237C000773842 /* Foundation.framework */ = {isa = PBXFileReference; lastKnownFileType = wrapper.framework; name = Foundation.framework; path = System/Library/Frameworks/Foundation.framework; sourceTree = SDKROOT; };
		4C522D1D16F237C000773842 /* CoreGraphics.framework */ = {isa = PBXFileReference; lastKnownFileType = wrapper.framework; name = CoreGraphics.framework; path = System/Library/Frameworks/CoreGraphics.framework; sourceTree = SDKROOT; };
		4C522D2116F237C000773842 /* cloudable-Info.plist */ = {isa = PBXFileReference; lastKnownFileType = text.plist.xml; path = "cloudable-Info.plist"; sourceTree = "<group>"; };
		4C522D2316F237C000773842 /* en */ = {isa = PBXFileReference; lastKnownFileType = text.plist.strings; name = en; path = en.lproj/InfoPlist.strings; sourceTree = "<group>"; };
		4C522D2516F237C000773842 /* main.m */ = {isa = PBXFileReference; lastKnownFileType = sourcecode.c.objc; path = main.m; sourceTree = "<group>"; };
		4C522D2716F237C000773842 /* cloudable-Prefix.pch */ = {isa = PBXFileReference; lastKnownFileType = sourcecode.c.h; path = "cloudable-Prefix.pch"; sourceTree = "<group>"; };
		4C522D2816F237C000773842 /* CloudableAppDelegate.h */ = {isa = PBXFileReference; lastKnownFileType = sourcecode.c.h; path = CloudableAppDelegate.h; sourceTree = "<group>"; };
		4C522D2916F237C000773842 /* CloudableAppDelegate.m */ = {isa = PBXFileReference; lastKnownFileType = sourcecode.c.objc; path = CloudableAppDelegate.m; sourceTree = "<group>"; };
		4C522D2B16F237C000773842 /* Default.png */ = {isa = PBXFileReference; lastKnownFileType = image.png; path = Default.png; sourceTree = "<group>"; };
		4C522D2D16F237C000773842 /* Default@2x.png */ = {isa = PBXFileReference; lastKnownFileType = image.png; path = "Default@2x.png"; sourceTree = "<group>"; };
		4C522D2F16F237C000773842 /* Default-568h@2x.png */ = {isa = PBXFileReference; lastKnownFileType = image.png; path = "Default-568h@2x.png"; sourceTree = "<group>"; };
		4C522D3116F237C000773842 /* CloudableViewController.h */ = {isa = PBXFileReference; lastKnownFileType = sourcecode.c.h; path = CloudableViewController.h; sourceTree = "<group>"; };
		4C522D3216F237C000773842 /* CloudableViewController.m */ = {isa = PBXFileReference; lastKnownFileType = sourcecode.c.objc; path = CloudableViewController.m; sourceTree = "<group>"; };
		4C522D3516F237C000773842 /* en */ = {isa = PBXFileReference; lastKnownFileType = file.xib; name = en; path = en.lproj/CloudableViewController.xib; sourceTree = "<group>"; };
		4C522D3C16F239E600773842 /* cloud.png */ = {isa = PBXFileReference; lastKnownFileType = image.png; path = cloud.png; sourceTree = "<group>"; };
		4C522D3D16F239E600773842 /* furley_bg_@2X.png */ = {isa = PBXFileReference; lastKnownFileType = image.png; path = "furley_bg_@2X.png"; sourceTree = "<group>"; };
		4C522D3E16F239E600773842 /* furley_bg.png */ = {isa = PBXFileReference; lastKnownFileType = image.png; path = furley_bg.png; sourceTree = "<group>"; };
		4C522D3F16F239E600773842 /* intro_logo.png */ = {isa = PBXFileReference; lastKnownFileType = image.png; path = intro_logo.png; sourceTree = "<group>"; };
		4C522D4416F23AA300773842 /* request_invite_webSS.png */ = {isa = PBXFileReference; lastKnownFileType = image.png; path = request_invite_webSS.png; sourceTree = "<group>"; };
		4C95B79816F818F700900331 /* sign_in_webSS.png */ = {isa = PBXFileReference; lastKnownFileType = image.png; path = sign_in_webSS.png; sourceTree = "<group>"; };
		4CFA4D9C16FF7E2B00398415 /* CloudableCurrentLoggedInUser.h */ = {isa = PBXFileReference; fileEncoding = 4; lastKnownFileType = sourcecode.c.h; path = CloudableCurrentLoggedInUser.h; sourceTree = "<group>"; };
		4CFA4D9D16FF7E2B00398415 /* CloudableCurrentLoggedInUser.m */ = {isa = PBXFileReference; fileEncoding = 4; lastKnownFileType = sourcecode.c.objc; path = CloudableCurrentLoggedInUser.m; sourceTree = "<group>"; };
/* End PBXFileReference section */

/* Begin PBXFrameworksBuildPhase section */
		4C522D1316F237C000773842 /* Frameworks */ = {
			isa = PBXFrameworksBuildPhase;
			buildActionMask = 2147483647;
			files = (
				4C522D1A16F237C000773842 /* UIKit.framework in Frameworks */,
				4C522D1C16F237C000773842 /* Foundation.framework in Frameworks */,
				4C522D1E16F237C000773842 /* CoreGraphics.framework in Frameworks */,
			);
			runOnlyForDeploymentPostprocessing = 0;
		};
/* End PBXFrameworksBuildPhase section */

/* Begin PBXGroup section */
		4C522D0D16F237C000773842 = {
			isa = PBXGroup;
			children = (
				4C522D1F16F237C000773842 /* cloudable */,
				4C522D1816F237C000773842 /* Frameworks */,
				4C522D1716F237C000773842 /* Products */,
			);
			sourceTree = "<group>";
		};
		4C522D1716F237C000773842 /* Products */ = {
			isa = PBXGroup;
			children = (
				4C522D1616F237C000773842 /* cloudable.app */,
			);
			name = Products;
			sourceTree = "<group>";
		};
		4C522D1816F237C000773842 /* Frameworks */ = {
			isa = PBXGroup;
			children = (
				4C522D1916F237C000773842 /* UIKit.framework */,
				4C522D1B16F237C000773842 /* Foundation.framework */,
				4C522D1D16F237C000773842 /* CoreGraphics.framework */,
			);
			name = Frameworks;
			sourceTree = "<group>";
		};
		4C522D1F16F237C000773842 /* cloudable */ = {
			isa = PBXGroup;
			children = (
				4C522D2816F237C000773842 /* CloudableAppDelegate.h */,
				4C522D2916F237C000773842 /* CloudableAppDelegate.m */,
				4C522D3116F237C000773842 /* CloudableViewController.h */,
				4C522D3216F237C000773842 /* CloudableViewController.m */,
				4C522D3416F237C000773842 /* CloudableViewController.xib */,
				4C49F74216FD0BFC007F51DB /* CloudableStoriesViewController.h */,
				4C49F74316FD0BFC007F51DB /* CloudableStoriesViewController.m */,
				4C49F74416FD0BFC007F51DB /* CloudableStoriesViewController.xib */,
				4CFA4D9C16FF7E2B00398415 /* CloudableCurrentLoggedInUser.h */,
				4CFA4D9D16FF7E2B00398415 /* CloudableCurrentLoggedInUser.m */,
				4C522D2016F237C000773842 /* Supporting Files */,
			);
			path = cloudable;
			sourceTree = "<group>";
		};
		4C522D2016F237C000773842 /* Supporting Files */ = {
			isa = PBXGroup;
			children = (
				4C95B79816F818F700900331 /* sign_in_webSS.png */,
				4C522D4416F23AA300773842 /* request_invite_webSS.png */,
				4C522D3C16F239E600773842 /* cloud.png */,
				4C522D3D16F239E600773842 /* furley_bg_@2X.png */,
				4C522D3E16F239E600773842 /* furley_bg.png */,
				4C522D3F16F239E600773842 /* intro_logo.png */,
				4C522D2116F237C000773842 /* cloudable-Info.plist */,
				4C522D2216F237C000773842 /* InfoPlist.strings */,
				4C522D2516F237C000773842 /* main.m */,
				4C522D2716F237C000773842 /* cloudable-Prefix.pch */,
				4C522D2B16F237C000773842 /* Default.png */,
				4C522D2D16F237C000773842 /* Default@2x.png */,
				4C522D2F16F237C000773842 /* Default-568h@2x.png */,
			);
			name = "Supporting Files";
			sourceTree = "<group>";
		};
/* End PBXGroup section */

/* Begin PBXNativeTarget section */
		4C522D1516F237C000773842 /* cloudable */ = {
			isa = PBXNativeTarget;
			buildConfigurationList = 4C522D3916F237C000773842 /* Build configuration list for PBXNativeTarget "cloudable" */;
			buildPhases = (
				4C522D1216F237C000773842 /* Sources */,
				4C522D1316F237C000773842 /* Frameworks */,
				4C522D1416F237C000773842 /* Resources */,
			);
			buildRules = (
			);
			dependencies = (
			);
			name = cloudable;
			productName = cloudable;
			productReference = 4C522D1616F237C000773842 /* cloudable.app */;
			productType = "com.apple.product-type.application";
		};
/* End PBXNativeTarget section */

/* Begin PBXProject section */
		4C522D0E16F237C000773842 /* Project object */ = {
			isa = PBXProject;
			attributes = {
				CLASSPREFIX = Cloudable;
				LastUpgradeCheck = 0460;
				ORGANIZATIONNAME = "Nathan Fraenkel";
			};
			buildConfigurationList = 4C522D1116F237C000773842 /* Build configuration list for PBXProject "cloudable" */;
			compatibilityVersion = "Xcode 3.2";
			developmentRegion = English;
			hasScannedForEncodings = 0;
			knownRegions = (
				en,
			);
			mainGroup = 4C522D0D16F237C000773842;
			productRefGroup = 4C522D1716F237C000773842 /* Products */;
			projectDirPath = "";
			projectRoot = "";
			targets = (
				4C522D1516F237C000773842 /* cloudable */,
			);
		};
/* End PBXProject section */

/* Begin PBXResourcesBuildPhase section */
		4C522D1416F237C000773842 /* Resources */ = {
			isa = PBXResourcesBuildPhase;
			buildActionMask = 2147483647;
			files = (
				4C522D2416F237C000773842 /* InfoPlist.strings in Resources */,
				4C522D2C16F237C000773842 /* Default.png in Resources */,
				4C522D2E16F237C000773842 /* Default@2x.png in Resources */,
				4C522D3016F237C000773842 /* Default-568h@2x.png in Resources */,
				4C522D3616F237C000773842 /* CloudableViewController.xib in Resources */,
				4C522D4016F239E600773842 /* cloud.png in Resources */,
				4C522D4116F239E600773842 /* furley_bg_@2X.png in Resources */,
				4C522D4216F239E600773842 /* furley_bg.png in Resources */,
				4C522D4316F239E600773842 /* intro_logo.png in Resources */,
				4C522D4516F23AA300773842 /* request_invite_webSS.png in Resources */,
				4C95B79916F818F700900331 /* sign_in_webSS.png in Resources */,
				4C49F74616FD0BFC007F51DB /* CloudableStoriesViewController.xib in Resources */,
			);
			runOnlyForDeploymentPostprocessing = 0;
		};
/* End PBXResourcesBuildPhase section */

/* Begin PBXSourcesBuildPhase section */
		4C522D1216F237C000773842 /* Sources */ = {
			isa = PBXSourcesBuildPhase;
			buildActionMask = 2147483647;
			files = (
				4C522D2616F237C000773842 /* main.m in Sources */,
				4C522D2A16F237C000773842 /* CloudableAppDelegate.m in Sources */,
				4C522D3316F237C000773842 /* CloudableViewController.m in Sources */,
				4C49F74516FD0BFC007F51DB /* CloudableStoriesViewController.m in Sources */,
				4CFA4D9E16FF7E2B00398415 /* CloudableCurrentLoggedInUser.m in Sources */,
			);
			runOnlyForDeploymentPostprocessing = 0;
		};
/* End PBXSourcesBuildPhase section */

/* Begin PBXVariantGroup section */
		4C522D2216F237C000773842 /* InfoPlist.strings */ = {
			isa = PBXVariantGroup;
			children = (
				4C522D2316F237C000773842 /* en */,
			);
			name = InfoPlist.strings;
			sourceTree = "<group>";
		};
		4C522D3416F237C000773842 /* CloudableViewController.xib */ = {
			isa = PBXVariantGroup;
			children = (
				4C522D3516F237C000773842 /* en */,
			);
			name = CloudableViewController.xib;
			sourceTree = "<group>";
		};
/* End PBXVariantGroup section */

/* Begin XCBuildConfiguration section */
		4C522D3716F237C000773842 /* Debug */ = {
			isa = XCBuildConfiguration;
			buildSettings = {
				ALWAYS_SEARCH_USER_PATHS = NO;
				CLANG_CXX_LANGUAGE_STANDARD = "gnu++0x";
				CLANG_CXX_LIBRARY = "libc++";
				CLANG_ENABLE_OBJC_ARC = YES;
				CLANG_WARN_CONSTANT_CONVERSION = YES;
				CLANG_WARN_EMPTY_BODY = YES;
				CLANG_WARN_ENUM_CONVERSION = YES;
				CLANG_WARN_INT_CONVERSION = YES;
				CLANG_WARN__DUPLICATE_METHOD_MATCH = YES;
				"CODE_SIGN_IDENTITY[sdk=iphoneos*]" = "iPhone Developer";
				COPY_PHASE_STRIP = NO;
				GCC_C_LANGUAGE_STANDARD = gnu99;
				GCC_DYNAMIC_NO_PIC = NO;
				GCC_OPTIMIZATION_LEVEL = 0;
				GCC_PREPROCESSOR_DEFINITIONS = (
					"DEBUG=1",
					"$(inherited)",
				);
				GCC_SYMBOLS_PRIVATE_EXTERN = NO;
				GCC_WARN_ABOUT_RETURN_TYPE = YES;
				GCC_WARN_UNINITIALIZED_AUTOS = YES;
				GCC_WARN_UNUSED_VARIABLE = YES;
				IPHONEOS_DEPLOYMENT_TARGET = 6.1;
				ONLY_ACTIVE_ARCH = YES;
				SDKROOT = iphoneos;
			};
			name = Debug;
		};
		4C522D3816F237C000773842 /* Release */ = {
			isa = XCBuildConfiguration;
			buildSettings = {
				ALWAYS_SEARCH_USER_PATHS = NO;
				CLANG_CXX_LANGUAGE_STANDARD = "gnu++0x";
				CLANG_CXX_LIBRARY = "libc++";
				CLANG_ENABLE_OBJC_ARC = YES;
				CLANG_WARN_CONSTANT_CONVERSION = YES;
				CLANG_WARN_EMPTY_BODY = YES;
				CLANG_WARN_ENUM_CONVERSION = YES;
				CLANG_WARN_INT_CONVERSION = YES;
				CLANG_WARN__DUPLICATE_METHOD_MATCH = YES;
				"CODE_SIGN_IDENTITY[sdk=iphoneos*]" = "iPhone Developer";
				COPY_PHASE_STRIP = YES;
				GCC_C_LANGUAGE_STANDARD = gnu99;
				GCC_WARN_ABOUT_RETURN_TYPE = YES;
				GCC_WARN_UNINITIALIZED_AUTOS = YES;
				GCC_WARN_UNUSED_VARIABLE = YES;
				IPHONEOS_DEPLOYMENT_TARGET = 6.1;
				OTHER_CFLAGS = "-DNS_BLOCK_ASSERTIONS=1";
				SDKROOT = iphoneos;
				VALIDATE_PRODUCT = YES;
			};
			name = Release;
		};
		4C522D3A16F237C000773842 /* Debug */ = {
			isa = XCBuildConfiguration;
			buildSettings = {
				GCC_PRECOMPILE_PREFIX_HEADER = YES;
				GCC_PREFIX_HEADER = "cloudable/cloudable-Prefix.pch";
				INFOPLIST_FILE = "cloudable/cloudable-Info.plist";
				IPHONEOS_DEPLOYMENT_TARGET = 4.3;
				PRODUCT_NAME = "$(TARGET_NAME)";
				WRAPPER_EXTENSION = app;
			};
			name = Debug;
		};
		4C522D3B16F237C000773842 /* Release */ = {
			isa = XCBuildConfiguration;
			buildSettings = {
				GCC_PRECOMPILE_PREFIX_HEADER = YES;
				GCC_PREFIX_HEADER = "cloudable/cloudable-Prefix.pch";
				INFOPLIST_FILE = "cloudable/cloudable-Info.plist";
				IPHONEOS_DEPLOYMENT_TARGET = 4.3;
				PRODUCT_NAME = "$(TARGET_NAME)";
				WRAPPER_EXTENSION = app;
			};
			name = Release;
		};
/* End XCBuildConfiguration section */

/* Begin XCConfigurationList section */
		4C522D1116F237C000773842 /* Build configuration list for PBXProject "cloudable" */ = {
			isa = XCConfigurationList;
			buildConfigurations = (
				4C522D3716F237C000773842 /* Debug */,
				4C522D3816F237C000773842 /* Release */,
			);
			defaultConfigurationIsVisible = 0;
			defaultConfigurationName = Release;
		};
		4C522D3916F237C000773842 /* Build configuration list for PBXNativeTarget "cloudable" */ = {
			isa = XCConfigurationList;
			buildConfigurations = (
				4C522D3A16F237C000773842 /* Debug */,
				4C522D3B16F237C000773842 /* Release */,
			);
			defaultConfigurationIsVisible = 0;
			defaultConfigurationName = Release;
		};
/* End XCConfigurationList section */
	};
	rootObject = 4C522D0E16F237C000773842 /* Project object */;
}
